// !$*UTF8*$!
{
	archiveVersion = 1;
	classes = {
	};
	objectVersion = 56;
	objects = {

/* Begin PBXBuildFile section */
		4F21927529D323FA001AEB5F /* AuthorizationRepository.swift in Sources */ = {isa = PBXBuildFile; fileRef = 4F21927429D323FA001AEB5F /* AuthorizationRepository.swift */; };
		4F21927929D324AF001AEB5F /* RegistrationRequest.swift in Sources */ = {isa = PBXBuildFile; fileRef = 4F21927829D324AF001AEB5F /* RegistrationRequest.swift */; };
		4F21927B29D324F2001AEB5F /* AuthorizationRequest.swift in Sources */ = {isa = PBXBuildFile; fileRef = 4F21927A29D324F2001AEB5F /* AuthorizationRequest.swift */; };
		4F21927D29D3257B001AEB5F /* RefreshTokenRequest.swift in Sources */ = {isa = PBXBuildFile; fileRef = 4F21927C29D3257B001AEB5F /* RefreshTokenRequest.swift */; };
		4F21928029D3287E001AEB5F /* AuthResponse.swift in Sources */ = {isa = PBXBuildFile; fileRef = 4F21927F29D3287E001AEB5F /* AuthResponse.swift */; };
		4F21928229D32B48001AEB5F /* AuthRepositoryImpl.swift in Sources */ = {isa = PBXBuildFile; fileRef = 4F21928129D32B48001AEB5F /* AuthRepositoryImpl.swift */; };
		4F21928429D32BB2001AEB5F /* AlamofireDataResponse.swift in Sources */ = {isa = PBXBuildFile; fileRef = 4F21928329D32BB2001AEB5F /* AlamofireDataResponse.swift */; };
		4F21928629D32C00001AEB5F /* NetwrokingModel.swift in Sources */ = {isa = PBXBuildFile; fileRef = 4F21928529D32C00001AEB5F /* NetwrokingModel.swift */; };
		4F21928929D32CC5001AEB5F /* NetworkingEnums.swift in Sources */ = {isa = PBXBuildFile; fileRef = 4F21928829D32CC5001AEB5F /* NetworkingEnums.swift */; };
		4F21928B29D32D80001AEB5F /* VoidResponse.swift in Sources */ = {isa = PBXBuildFile; fileRef = 4F21928A29D32D80001AEB5F /* VoidResponse.swift */; };
		4F21928D29D32DF7001AEB5F /* NSErrorExtension.swift in Sources */ = {isa = PBXBuildFile; fileRef = 4F21928C29D32DF7001AEB5F /* NSErrorExtension.swift */; };
		4F38328E29C976B3000A660D /* Alamofire in Frameworks */ = {isa = PBXBuildFile; productRef = 4F38328D29C976B3000A660D /* Alamofire */; };
		4F38329729C9B6B7000A660D /* NeedleFoundation in Frameworks */ = {isa = PBXBuildFile; productRef = 4F38329629C9B6B7000A660D /* NeedleFoundation */; };
		4F42708A29DEC5F600A1FC80 /* UIImageView.swift in Sources */ = {isa = PBXBuildFile; fileRef = 4F42708929DEC5F600A1FC80 /* UIImageView.swift */; };
		4F42708D29DEE1B700A1FC80 /* CompilationViewController.swift in Sources */ = {isa = PBXBuildFile; fileRef = 4F42708C29DEE1B700A1FC80 /* CompilationViewController.swift */; };
		4F42709029DEE1EC00A1FC80 /* CollectionViewController.swift in Sources */ = {isa = PBXBuildFile; fileRef = 4F42708F29DEE1EC00A1FC80 /* CollectionViewController.swift */; };
		4F42709429DEE29B00A1FC80 /* CompilationComponent.swift in Sources */ = {isa = PBXBuildFile; fileRef = 4F42709329DEE29B00A1FC80 /* CompilationComponent.swift */; };
		4F42709629DEE2A800A1FC80 /* CollectionComponent.swift in Sources */ = {isa = PBXBuildFile; fileRef = 4F42709529DEE2A800A1FC80 /* CollectionComponent.swift */; };
		4F42709929DEE2CA00A1FC80 /* ProfileComponent.swift in Sources */ = {isa = PBXBuildFile; fileRef = 4F42709829DEE2CA00A1FC80 /* ProfileComponent.swift */; };
		4F42709B29DEF6F400A1FC80 /* TabBarEnums.swift in Sources */ = {isa = PBXBuildFile; fileRef = 4F42709A29DEF6F400A1FC80 /* TabBarEnums.swift */; };
		4F42709D29E05A3F00A1FC80 /* CollectionRepository.swift in Sources */ = {isa = PBXBuildFile; fileRef = 4F42709C29E05A3F00A1FC80 /* CollectionRepository.swift */; };
		4F4270A029E05AD500A1FC80 /* CollectionResponse.swift in Sources */ = {isa = PBXBuildFile; fileRef = 4F42709F29E05AD500A1FC80 /* CollectionResponse.swift */; };
		4F4270A229E05F0D00A1FC80 /* CollectionRepositoryImpl.swift in Sources */ = {isa = PBXBuildFile; fileRef = 4F4270A129E05F0D00A1FC80 /* CollectionRepositoryImpl.swift */; };
		4F4270A429E300E500A1FC80 /* ProfileRepository.swift in Sources */ = {isa = PBXBuildFile; fileRef = 4F4270A329E300E500A1FC80 /* ProfileRepository.swift */; };
		4F4270A729E301FE00A1FC80 /* ProfileResponse.swift in Sources */ = {isa = PBXBuildFile; fileRef = 4F4270A629E301FE00A1FC80 /* ProfileResponse.swift */; };
		4F4270A929E3026200A1FC80 /* ProfileRepositoryImpl.swift in Sources */ = {isa = PBXBuildFile; fileRef = 4F4270A829E3026200A1FC80 /* ProfileRepositoryImpl.swift */; };
		4F4270AC29E302E000A1FC80 /* GetProfileDataUseCase.swift in Sources */ = {isa = PBXBuildFile; fileRef = 4F4270AB29E302E000A1FC80 /* GetProfileDataUseCase.swift */; };
		4F4270AF29E3058700A1FC80 /* ProfileViewModel.swift in Sources */ = {isa = PBXBuildFile; fileRef = 4F4270AE29E3058700A1FC80 /* ProfileViewModel.swift */; };
		4F4270B129E3EB7A00A1FC80 /* ScreenModelTypeEnums.swift in Sources */ = {isa = PBXBuildFile; fileRef = 4F4270B029E3EB7A00A1FC80 /* ScreenModelTypeEnums.swift */; };
		4F4270B329E3F54900A1FC80 /* UIViewExtension.swift in Sources */ = {isa = PBXBuildFile; fileRef = 4F4270B229E3F54900A1FC80 /* UIViewExtension.swift */; };
		4F4270B629E3F6F600A1FC80 /* CustomAlert.swift in Sources */ = {isa = PBXBuildFile; fileRef = 4F4270B529E3F6F600A1FC80 /* CustomAlert.swift */; };
		4F4270BB29E55A4900A1FC80 /* UploadProfileDataUseCase.swift in Sources */ = {isa = PBXBuildFile; fileRef = 4F4270BA29E55A4900A1FC80 /* UploadProfileDataUseCase.swift */; };
		4F48AD1A29DC01BF009450CC /* HomeCoordinator.swift in Sources */ = {isa = PBXBuildFile; fileRef = 4F48AD1929DC01BF009450CC /* HomeCoordinator.swift */; };
		4F48AD1D29DC02FC009450CC /* HomeComponent.swift in Sources */ = {isa = PBXBuildFile; fileRef = 4F48AD1C29DC02FC009450CC /* HomeComponent.swift */; };
		4F4FC65A29D0147F001BFCA3 /* RegistrationComponent.swift in Sources */ = {isa = PBXBuildFile; fileRef = 4F4FC65929D0147F001BFCA3 /* RegistrationComponent.swift */; };
		4F4FC65C29D036FA001BFCA3 /* Launch Screen.storyboard in Resources */ = {isa = PBXBuildFile; fileRef = 4F4FC65B29D036FA001BFCA3 /* Launch Screen.storyboard */; };
		4F4FC65F29D0612D001BFCA3 /* ViewController.swift in Sources */ = {isa = PBXBuildFile; fileRef = 4F4FC65E29D0612D001BFCA3 /* ViewController.swift */; };
		4F4FC66529D094D8001BFCA3 /* CustomTextField.swift in Sources */ = {isa = PBXBuildFile; fileRef = 4F4FC66429D094D8001BFCA3 /* CustomTextField.swift */; };
		4F53C5DF29DD7CEA00B94D6A /* CustomButton.swift in Sources */ = {isa = PBXBuildFile; fileRef = 4F53C5DE29DD7CEA00B94D6A /* CustomButton.swift */; };
		4F63C82029D4113A00B06D35 /* RegistrationViewController.swift in Sources */ = {isa = PBXBuildFile; fileRef = 4F63C81F29D4113A00B06D35 /* RegistrationViewController.swift */; };
		4F63C82229D4218300B06D35 /* LoginUseCase.swift in Sources */ = {isa = PBXBuildFile; fileRef = 4F63C82129D4218300B06D35 /* LoginUseCase.swift */; };
		4F63C85C29D57FD600B06D35 /* IQKeyboardManagerSwift in Frameworks */ = {isa = PBXBuildFile; productRef = 4F63C85B29D57FD600B06D35 /* IQKeyboardManagerSwift */; };
		4F63C85F29D5B9B300B06D35 /* AuthorizationViewModel.swift in Sources */ = {isa = PBXBuildFile; fileRef = 4F63C85E29D5B9B300B06D35 /* AuthorizationViewModel.swift */; };
		4F63C86629D7E63800B06D35 /* RegistrationViewModel.swift in Sources */ = {isa = PBXBuildFile; fileRef = 4F63C86529D7E63800B06D35 /* RegistrationViewModel.swift */; };
		4F63C86B29D80B7300B06D35 /* UIButtonExtension.swift in Sources */ = {isa = PBXBuildFile; fileRef = 4F63C86A29D80B7300B06D35 /* UIButtonExtension.swift */; };
		4F63C86C29D80D3700B06D35 /* SFProText-Bold.ttf in Resources */ = {isa = PBXBuildFile; fileRef = 4F4FC66229D086E8001BFCA3 /* SFProText-Bold.ttf */; };
		4F63C86F29D80F3D00B06D35 /* KeychainAccess in Frameworks */ = {isa = PBXBuildFile; productRef = 4F63C86E29D80F3D00B06D35 /* KeychainAccess */; };
		4F63C87229D80F7200B06D35 /* KeyChainRepository.swift in Sources */ = {isa = PBXBuildFile; fileRef = 4F63C87129D80F7200B06D35 /* KeyChainRepository.swift */; };
		4F63C87429D80F9800B06D35 /* KeyChainRepositoryImpl.swift in Sources */ = {isa = PBXBuildFile; fileRef = 4F63C87329D80F9800B06D35 /* KeyChainRepositoryImpl.swift */; };
		4F63C87629D80FF600B06D35 /* KeyChainRepositoryErrorEnum.swift in Sources */ = {isa = PBXBuildFile; fileRef = 4F63C87529D80FF600B06D35 /* KeyChainRepositoryErrorEnum.swift */; };
		4F63C87829D8111F00B06D35 /* SaveTokenUseCase.swift in Sources */ = {isa = PBXBuildFile; fileRef = 4F63C87729D8111F00B06D35 /* SaveTokenUseCase.swift */; };
		4F63C87A29D8113A00B06D35 /* GetTokenUseCase.swift in Sources */ = {isa = PBXBuildFile; fileRef = 4F63C87929D8113A00B06D35 /* GetTokenUseCase.swift */; };
		4F63C87F29D811A100B06D35 /* KeyChainTokenTypesEnum.swift in Sources */ = {isa = PBXBuildFile; fileRef = 4F63C87E29D811A100B06D35 /* KeyChainTokenTypesEnum.swift */; };
		4F63C88229D8213F00B06D35 /* StringExtension.swift in Sources */ = {isa = PBXBuildFile; fileRef = 4F63C88129D8213F00B06D35 /* StringExtension.swift */; };
		4F63C88729D8221700B06D35 /* CheckValidatonHelper.swift in Sources */ = {isa = PBXBuildFile; fileRef = 4F63C88629D8221700B06D35 /* CheckValidatonHelper.swift */; };
		4F63C88929D8222F00B06D35 /* NetwrokingGetTokenHelper.swift in Sources */ = {isa = PBXBuildFile; fileRef = 4F63C88829D8222F00B06D35 /* NetwrokingGetTokenHelper.swift */; };
		4F63C88F29D944B800B06D35 /* UITextFieldExtension.swift in Sources */ = {isa = PBXBuildFile; fileRef = 4F63C88E29D944B800B06D35 /* UITextFieldExtension.swift */; };
		4F63C89229D9653E00B06D35 /* SwiftyUserDefaults in Frameworks */ = {isa = PBXBuildFile; productRef = 4F63C89129D9653E00B06D35 /* SwiftyUserDefaults */; };
		4F63C89629D9659A00B06D35 /* SaveAuthorizationStatusUseCase.swift in Sources */ = {isa = PBXBuildFile; fileRef = 4F63C89529D9659A00B06D35 /* SaveAuthorizationStatusUseCase.swift */; };
		4F63C89829D965EE00B06D35 /* SwiftyUserDefaultsExtansion.swift in Sources */ = {isa = PBXBuildFile; fileRef = 4F63C89729D965EE00B06D35 /* SwiftyUserDefaultsExtansion.swift */; };
		4F63C89A29D9662F00B06D35 /* GetAuthorizationStatusUseCase.swift in Sources */ = {isa = PBXBuildFile; fileRef = 4F63C89929D9662F00B06D35 /* GetAuthorizationStatusUseCase.swift */; };
		4F63C89C29D9667D00B06D35 /* SwiftyUserDefaultsEnum.swift in Sources */ = {isa = PBXBuildFile; fileRef = 4F63C89B29D9667D00B06D35 /* SwiftyUserDefaultsEnum.swift */; };
		4F63C89E29D9682C00B06D35 /* RegistrationUseCase.swift in Sources */ = {isa = PBXBuildFile; fileRef = 4F63C89D29D9682C00B06D35 /* RegistrationUseCase.swift */; };
		4F63C8A129D96FD600B06D35 /* SPAlert in Frameworks */ = {isa = PBXBuildFile; productRef = 4F63C8A029D96FD600B06D35 /* SPAlert */; };
		4F63C8A329D987F500B06D35 /* NetwrokingMessage.swift in Sources */ = {isa = PBXBuildFile; fileRef = 4F63C8A229D987F500B06D35 /* NetwrokingMessage.swift */; };
		4F63C8A629D9975600B06D35 /* SwiftLoaderView.swift in Sources */ = {isa = PBXBuildFile; fileRef = 4F63C8A529D9975600B06D35 /* SwiftLoaderView.swift */; };
		4F63C8A829D9977500B06D35 /* LoaderView.swift in Sources */ = {isa = PBXBuildFile; fileRef = 4F63C8A729D9977500B06D35 /* LoaderView.swift */; };
		4F6B725D29DAB91D00F48DE0 /* R.generated.swift in Sources */ = {isa = PBXBuildFile; fileRef = 4F6B725C29DAB91D00F48DE0 /* R.generated.swift */; };
		4FAEC24529D9D939004D04D5 /* Localizable.strings in Resources */ = {isa = PBXBuildFile; fileRef = 4FAEC24729D9D939004D04D5 /* Localizable.strings */; };
		4FB1FF1A29C9716100BD7141 /* AppDelegate.swift in Sources */ = {isa = PBXBuildFile; fileRef = 4FB1FF1929C9716100BD7141 /* AppDelegate.swift */; };
		4FB1FF1E29C9716100BD7141 /* MainViewController.swift in Sources */ = {isa = PBXBuildFile; fileRef = 4FB1FF1D29C9716100BD7141 /* MainViewController.swift */; };
		4FB1FF2329C9716200BD7141 /* Assets.xcassets in Resources */ = {isa = PBXBuildFile; fileRef = 4FB1FF2229C9716200BD7141 /* Assets.xcassets */; };
		4FC8349D29E65A7200792651 /* DispatchQueueExtension.swift in Sources */ = {isa = PBXBuildFile; fileRef = 4FC8349C29E65A7200792651 /* DispatchQueueExtension.swift */; };
		4FC834A129E6709400792651 /* LoadFileHelpler.swift in Sources */ = {isa = PBXBuildFile; fileRef = 4FC834A029E6709400792651 /* LoadFileHelpler.swift */; };
		4FC834A329E6814300792651 /* CustomCellView.swift in Sources */ = {isa = PBXBuildFile; fileRef = 4FC834A229E6814300792651 /* CustomCellView.swift */; };
		4FCDDD9629CDCBC30005782D /* AuthorizationViewController.swift in Sources */ = {isa = PBXBuildFile; fileRef = 4FCDDD9529CDCBC30005782D /* AuthorizationViewController.swift */; };
		4FCDDD9829CDCBFD0005782D /* AuthorizationComponent.swift in Sources */ = {isa = PBXBuildFile; fileRef = 4FCDDD9729CDCBFD0005782D /* AuthorizationComponent.swift */; };
		4FD927FE29DC7C7A007EA8FE /* GetHomeCoverRepository.swift in Sources */ = {isa = PBXBuildFile; fileRef = 4FD927FD29DC7C7A007EA8FE /* GetHomeCoverRepository.swift */; };
		4FD9280129DC7D44007EA8FE /* CoverResponse.swift in Sources */ = {isa = PBXBuildFile; fileRef = 4FD9280029DC7D44007EA8FE /* CoverResponse.swift */; };
		4FD9280329DC7DCA007EA8FE /* GetCoverRepositoryImpl.swift in Sources */ = {isa = PBXBuildFile; fileRef = 4FD9280229DC7DCA007EA8FE /* GetCoverRepositoryImpl.swift */; };
		4FD9280629DC80AA007EA8FE /* MovieResponse.swift in Sources */ = {isa = PBXBuildFile; fileRef = 4FD9280529DC80AA007EA8FE /* MovieResponse.swift */; };
		4FD9280829DC8144007EA8FE /* TagResponse.swift in Sources */ = {isa = PBXBuildFile; fileRef = 4FD9280729DC8144007EA8FE /* TagResponse.swift */; };
		4FD9280A29DC81F4007EA8FE /* ChatInfoResponse.swift in Sources */ = {isa = PBXBuildFile; fileRef = 4FD9280929DC81F4007EA8FE /* ChatInfoResponse.swift */; };
		4FD9280C29DC8280007EA8FE /* MovieRepository.swift in Sources */ = {isa = PBXBuildFile; fileRef = 4FD9280B29DC8280007EA8FE /* MovieRepository.swift */; };
		4FD9280E29DC8364007EA8FE /* MovieRepositoryImpl.swift in Sources */ = {isa = PBXBuildFile; fileRef = 4FD9280D29DC8364007EA8FE /* MovieRepositoryImpl.swift */; };
		4FD9281129DD1E99007EA8FE /* HomeViewModel.swift in Sources */ = {isa = PBXBuildFile; fileRef = 4FD9281029DD1E99007EA8FE /* HomeViewModel.swift */; };
		4FD9281429DD1EFD007EA8FE /* GetCoverHomeViewUseCase.swift in Sources */ = {isa = PBXBuildFile; fileRef = 4FD9281329DD1EFD007EA8FE /* GetCoverHomeViewUseCase.swift */; };
		4FD9281629DD20B2007EA8FE /* LogOutUseCase.swift in Sources */ = {isa = PBXBuildFile; fileRef = 4FD9281529DD20B2007EA8FE /* LogOutUseCase.swift */; };
		4FD9281929DD274D007EA8FE /* InterceptorRequest.swift in Sources */ = {isa = PBXBuildFile; fileRef = 4FD9281829DD274D007EA8FE /* InterceptorRequest.swift */; };
		4FD9281B29DD27E2007EA8FE /* NetwrokingKeysEnum.swift in Sources */ = {isa = PBXBuildFile; fileRef = 4FD9281A29DD27E2007EA8FE /* NetwrokingKeysEnum.swift */; };
		4FD9281D29DD28C8007EA8FE /* RefreshTokenUseCase.swift in Sources */ = {isa = PBXBuildFile; fileRef = 4FD9281C29DD28C8007EA8FE /* RefreshTokenUseCase.swift */; };
		4FE851FD29DADC98002CCD6A /* Coordinator.swift in Sources */ = {isa = PBXBuildFile; fileRef = 4FE851FC29DADC98002CCD6A /* Coordinator.swift */; };
		4FE8520229DAEB82002CCD6A /* HomeViewController.swift in Sources */ = {isa = PBXBuildFile; fileRef = 4FE8520129DAEB82002CCD6A /* HomeViewController.swift */; };
		4FE8520529DAEBD0002CCD6A /* ProfileViewController.swift in Sources */ = {isa = PBXBuildFile; fileRef = 4FE8520429DAEBCF002CCD6A /* ProfileViewController.swift */; };
		4FE8520A29DB28A3002CCD6A /* LoginCoordinator.swift in Sources */ = {isa = PBXBuildFile; fileRef = 4FE8520929DB28A3002CCD6A /* LoginCoordinator.swift */; };
		4FE8520D29DB2963002CCD6A /* ModuleFactory.swift in Sources */ = {isa = PBXBuildFile; fileRef = 4FE8520C29DB2963002CCD6A /* ModuleFactory.swift */; };
		4FE8520F29DB2A72002CCD6A /* FlowController.swift in Sources */ = {isa = PBXBuildFile; fileRef = 4FE8520E29DB2A72002CCD6A /* FlowController.swift */; };
		4FE8521129DB2DB2002CCD6A /* CoordinatorFactory.swift in Sources */ = {isa = PBXBuildFile; fileRef = 4FE8521029DB2DB2002CCD6A /* CoordinatorFactory.swift */; };
		4FE8521429DB2ED2002CCD6A /* AppCoordinator.swift in Sources */ = {isa = PBXBuildFile; fileRef = 4FE8521329DB2ED2002CCD6A /* AppCoordinator.swift */; };
		4FE93FBE29E6BA9800F21F4B /* InTrendCollectionView.swift in Sources */ = {isa = PBXBuildFile; fileRef = 4FE93FBD29E6BA9800F21F4B /* InTrendCollectionView.swift */; };
		4FE93FC129E6C42800F21F4B /* GetInTrendMovieUseCase.swift in Sources */ = {isa = PBXBuildFile; fileRef = 4FE93FC029E6C42800F21F4B /* GetInTrendMovieUseCase.swift */; };
		4FE93FC329E6C52100F21F4B /* GetNewMovieUseCase.swift in Sources */ = {isa = PBXBuildFile; fileRef = 4FE93FC229E6C52100F21F4B /* GetNewMovieUseCase.swift */; };
		4FE93FC529E6C56B00F21F4B /* GetForMeMovieUseCase.swift in Sources */ = {isa = PBXBuildFile; fileRef = 4FE93FC429E6C56B00F21F4B /* GetForMeMovieUseCase.swift */; };
		4FE93FC729E6C5C500F21F4B /* GetLastViewMovieUseCase.swift in Sources */ = {isa = PBXBuildFile; fileRef = 4FE93FC629E6C5C500F21F4B /* GetLastViewMovieUseCase.swift */; };
		4FE93FC929E6C60700F21F4B /* GetCompilationMovieUseCase.swift in Sources */ = {isa = PBXBuildFile; fileRef = 4FE93FC829E6C60700F21F4B /* GetCompilationMovieUseCase.swift */; };
		4FE93FCC29E6D4EF00F21F4B /* CustomMovieNewCellView.swift in Sources */ = {isa = PBXBuildFile; fileRef = 4FE93FCB29E6D4EF00F21F4B /* CustomMovieNewCellView.swift */; };
		4FE93FCE29E6D50200F21F4B /* MovieCollectionView.swift in Sources */ = {isa = PBXBuildFile; fileRef = 4FE93FCD29E6D50200F21F4B /* MovieCollectionView.swift */; };
		4FE93FD129E94E0B00F21F4B /* ForYouMovieCollectionView.swift in Sources */ = {isa = PBXBuildFile; fileRef = 4FE93FD029E94E0B00F21F4B /* ForYouMovieCollectionView.swift */; };
		4FE93FD729E969A800F21F4B /* MovieViewController.swift in Sources */ = {isa = PBXBuildFile; fileRef = 4FE93FD629E969A800F21F4B /* MovieViewController.swift */; };
		4FE93FDA29E969DA00F21F4B /* MovieComponent.swift in Sources */ = {isa = PBXBuildFile; fileRef = 4FE93FD929E969DA00F21F4B /* MovieComponent.swift */; };
		4FE93FDC29EA50BC00F21F4B /* GetHexColorHelpler.swift in Sources */ = {isa = PBXBuildFile; fileRef = 4FE93FDB29EA50BC00F21F4B /* GetHexColorHelpler.swift */; };
		4FE93FDF29EA58E400F21F4B /* ModernRefreshControl.swift in Sources */ = {isa = PBXBuildFile; fileRef = 4FE93FDE29EA58E400F21F4B /* ModernRefreshControl.swift */; };
		4FE93FE129EA591100F21F4B /* ScreamRefreshControl.swift in Sources */ = {isa = PBXBuildFile; fileRef = 4FE93FE029EA591100F21F4B /* ScreamRefreshControl.swift */; };
		4FE93FE429EA921900F21F4B /* MovieCoordinator.swift in Sources */ = {isa = PBXBuildFile; fileRef = 4FE93FE329EA921900F21F4B /* MovieCoordinator.swift */; };
		4FE93FE729EA9ECF00F21F4B /* MovieViewModel.swift in Sources */ = {isa = PBXBuildFile; fileRef = 4FE93FE629EA9ECF00F21F4B /* MovieViewModel.swift */; };
		4FE93FE929EBAAA700F21F4B /* YearEnums.swift in Sources */ = {isa = PBXBuildFile; fileRef = 4FE93FE829EBAAA700F21F4B /* YearEnums.swift */; };
		4FE93FED29EBD3E300F21F4B /* TagCollectionView.swift in Sources */ = {isa = PBXBuildFile; fileRef = 4FE93FEC29EBD3E300F21F4B /* TagCollectionView.swift */; };
		4FE93FEF29EBD4FD00F21F4B /* CustomTegCell.swift in Sources */ = {isa = PBXBuildFile; fileRef = 4FE93FEE29EBD4FD00F21F4B /* CustomTegCell.swift */; };
		4FE93FF129EBD8CE00F21F4B /* SFProText-Regular.ttf in Resources */ = {isa = PBXBuildFile; fileRef = 4FE93FF029EBD8CE00F21F4B /* SFProText-Regular.ttf */; };
		4FE93FF429EBDA1B00F21F4B /* CadrPreviewCollectionView.swift in Sources */ = {isa = PBXBuildFile; fileRef = 4FE93FF329EBDA1B00F21F4B /* CadrPreviewCollectionView.swift */; };
		4FE93FF629EBDD2C00F21F4B /* EpisodesResponse.swift in Sources */ = {isa = PBXBuildFile; fileRef = 4FE93FF529EBDD2C00F21F4B /* EpisodesResponse.swift */; };
		4FE93FF829EBDFA800F21F4B /* GetEpisodesRepository.swift in Sources */ = {isa = PBXBuildFile; fileRef = 4FE93FF729EBDFA800F21F4B /* GetEpisodesRepository.swift */; };
		4FE93FFA29EBDFFC00F21F4B /* GetEpisodesRepositoryImpl.swift in Sources */ = {isa = PBXBuildFile; fileRef = 4FE93FF929EBDFFC00F21F4B /* GetEpisodesRepositoryImpl.swift */; };
		4FE93FFD29EBE10900F21F4B /* GetEpisodesUseCase.swift in Sources */ = {isa = PBXBuildFile; fileRef = 4FE93FFC29EBE10900F21F4B /* GetEpisodesUseCase.swift */; };
		4FE9400029EBECEB00F21F4B /* EpisodePreviewCollectionView.swift in Sources */ = {isa = PBXBuildFile; fileRef = 4FE93FFF29EBECEB00F21F4B /* EpisodePreviewCollectionView.swift */; };
		4FE9400229EBED1700F21F4B /* CustomEpisodePreviewCell.swift in Sources */ = {isa = PBXBuildFile; fileRef = 4FE9400129EBED1700F21F4B /* CustomEpisodePreviewCell.swift */; };
		4FE9400429EC417B00F21F4B /* TagCollectionLayout.swift in Sources */ = {isa = PBXBuildFile; fileRef = 4FE9400329EC417B00F21F4B /* TagCollectionLayout.swift */; };
		4FF0B2F929CC240B00A82AFA /* SnapKit in Frameworks */ = {isa = PBXBuildFile; productRef = 4FF0B2F829CC240B00A82AFA /* SnapKit */; };
		4FF0B30129CD8C3800A82AFA /* MainViewModel.swift in Sources */ = {isa = PBXBuildFile; fileRef = 4FF0B30029CD8C3800A82AFA /* MainViewModel.swift */; };
		4FF0B30629CD8F5900A82AFA /* MainComponent.swift in Sources */ = {isa = PBXBuildFile; fileRef = 4FF0B30529CD8F5900A82AFA /* MainComponent.swift */; };
		4FF0B30B29CDAAE400A82AFA /* NeedleGenerated.swift in Sources */ = {isa = PBXBuildFile; fileRef = 4FF0B30A29CDAAE400A82AFA /* NeedleGenerated.swift */; };
		8112FD6E0F6C79EFB03F978C /* Pods_WorldCinema_ios.framework in Frameworks */ = {isa = PBXBuildFile; fileRef = 18115F9AA1C683A04A38F103 /* Pods_WorldCinema_ios.framework */; };
/* End PBXBuildFile section */

/* Begin PBXFileReference section */
		18115F9AA1C683A04A38F103 /* Pods_WorldCinema_ios.framework */ = {isa = PBXFileReference; explicitFileType = wrapper.framework; includeInIndex = 0; path = Pods_WorldCinema_ios.framework; sourceTree = BUILT_PRODUCTS_DIR; };
		4F21927429D323FA001AEB5F /* AuthorizationRepository.swift */ = {isa = PBXFileReference; lastKnownFileType = sourcecode.swift; path = AuthorizationRepository.swift; sourceTree = "<group>"; };
		4F21927829D324AF001AEB5F /* RegistrationRequest.swift */ = {isa = PBXFileReference; lastKnownFileType = sourcecode.swift; path = RegistrationRequest.swift; sourceTree = "<group>"; };
		4F21927A29D324F2001AEB5F /* AuthorizationRequest.swift */ = {isa = PBXFileReference; lastKnownFileType = sourcecode.swift; path = AuthorizationRequest.swift; sourceTree = "<group>"; };
		4F21927C29D3257B001AEB5F /* RefreshTokenRequest.swift */ = {isa = PBXFileReference; lastKnownFileType = sourcecode.swift; path = RefreshTokenRequest.swift; sourceTree = "<group>"; };
		4F21927F29D3287E001AEB5F /* AuthResponse.swift */ = {isa = PBXFileReference; lastKnownFileType = sourcecode.swift; path = AuthResponse.swift; sourceTree = "<group>"; };
		4F21928129D32B48001AEB5F /* AuthRepositoryImpl.swift */ = {isa = PBXFileReference; lastKnownFileType = sourcecode.swift; path = AuthRepositoryImpl.swift; sourceTree = "<group>"; };
		4F21928329D32BB2001AEB5F /* AlamofireDataResponse.swift */ = {isa = PBXFileReference; lastKnownFileType = sourcecode.swift; path = AlamofireDataResponse.swift; sourceTree = "<group>"; };
		4F21928529D32C00001AEB5F /* NetwrokingModel.swift */ = {isa = PBXFileReference; lastKnownFileType = sourcecode.swift; path = NetwrokingModel.swift; sourceTree = "<group>"; };
		4F21928829D32CC5001AEB5F /* NetworkingEnums.swift */ = {isa = PBXFileReference; lastKnownFileType = sourcecode.swift; path = NetworkingEnums.swift; sourceTree = "<group>"; };
		4F21928A29D32D80001AEB5F /* VoidResponse.swift */ = {isa = PBXFileReference; lastKnownFileType = sourcecode.swift; path = VoidResponse.swift; sourceTree = "<group>"; };
		4F21928C29D32DF7001AEB5F /* NSErrorExtension.swift */ = {isa = PBXFileReference; lastKnownFileType = sourcecode.swift; path = NSErrorExtension.swift; sourceTree = "<group>"; };
		4F42708929DEC5F600A1FC80 /* UIImageView.swift */ = {isa = PBXFileReference; lastKnownFileType = sourcecode.swift; path = UIImageView.swift; sourceTree = "<group>"; };
		4F42708C29DEE1B700A1FC80 /* CompilationViewController.swift */ = {isa = PBXFileReference; lastKnownFileType = sourcecode.swift; path = CompilationViewController.swift; sourceTree = "<group>"; };
		4F42708F29DEE1EC00A1FC80 /* CollectionViewController.swift */ = {isa = PBXFileReference; lastKnownFileType = sourcecode.swift; path = CollectionViewController.swift; sourceTree = "<group>"; };
		4F42709329DEE29B00A1FC80 /* CompilationComponent.swift */ = {isa = PBXFileReference; lastKnownFileType = sourcecode.swift; path = CompilationComponent.swift; sourceTree = "<group>"; };
		4F42709529DEE2A800A1FC80 /* CollectionComponent.swift */ = {isa = PBXFileReference; lastKnownFileType = sourcecode.swift; path = CollectionComponent.swift; sourceTree = "<group>"; };
		4F42709829DEE2CA00A1FC80 /* ProfileComponent.swift */ = {isa = PBXFileReference; lastKnownFileType = sourcecode.swift; path = ProfileComponent.swift; sourceTree = "<group>"; };
		4F42709A29DEF6F400A1FC80 /* TabBarEnums.swift */ = {isa = PBXFileReference; lastKnownFileType = sourcecode.swift; path = TabBarEnums.swift; sourceTree = "<group>"; };
		4F42709C29E05A3F00A1FC80 /* CollectionRepository.swift */ = {isa = PBXFileReference; lastKnownFileType = sourcecode.swift; path = CollectionRepository.swift; sourceTree = "<group>"; };
		4F42709F29E05AD500A1FC80 /* CollectionResponse.swift */ = {isa = PBXFileReference; lastKnownFileType = sourcecode.swift; path = CollectionResponse.swift; sourceTree = "<group>"; };
		4F4270A129E05F0D00A1FC80 /* CollectionRepositoryImpl.swift */ = {isa = PBXFileReference; lastKnownFileType = sourcecode.swift; path = CollectionRepositoryImpl.swift; sourceTree = "<group>"; };
		4F4270A329E300E500A1FC80 /* ProfileRepository.swift */ = {isa = PBXFileReference; lastKnownFileType = sourcecode.swift; path = ProfileRepository.swift; sourceTree = "<group>"; };
		4F4270A629E301FE00A1FC80 /* ProfileResponse.swift */ = {isa = PBXFileReference; lastKnownFileType = sourcecode.swift; path = ProfileResponse.swift; sourceTree = "<group>"; };
		4F4270A829E3026200A1FC80 /* ProfileRepositoryImpl.swift */ = {isa = PBXFileReference; lastKnownFileType = sourcecode.swift; path = ProfileRepositoryImpl.swift; sourceTree = "<group>"; };
		4F4270AB29E302E000A1FC80 /* GetProfileDataUseCase.swift */ = {isa = PBXFileReference; lastKnownFileType = sourcecode.swift; path = GetProfileDataUseCase.swift; sourceTree = "<group>"; };
		4F4270AE29E3058700A1FC80 /* ProfileViewModel.swift */ = {isa = PBXFileReference; lastKnownFileType = sourcecode.swift; path = ProfileViewModel.swift; sourceTree = "<group>"; };
		4F4270B029E3EB7A00A1FC80 /* ScreenModelTypeEnums.swift */ = {isa = PBXFileReference; lastKnownFileType = sourcecode.swift; path = ScreenModelTypeEnums.swift; sourceTree = "<group>"; };
		4F4270B229E3F54900A1FC80 /* UIViewExtension.swift */ = {isa = PBXFileReference; lastKnownFileType = sourcecode.swift; path = UIViewExtension.swift; sourceTree = "<group>"; };
		4F4270B529E3F6F600A1FC80 /* CustomAlert.swift */ = {isa = PBXFileReference; lastKnownFileType = sourcecode.swift; path = CustomAlert.swift; sourceTree = "<group>"; };
		4F4270BA29E55A4900A1FC80 /* UploadProfileDataUseCase.swift */ = {isa = PBXFileReference; lastKnownFileType = sourcecode.swift; path = UploadProfileDataUseCase.swift; sourceTree = "<group>"; };
		4F48AD1929DC01BF009450CC /* HomeCoordinator.swift */ = {isa = PBXFileReference; lastKnownFileType = sourcecode.swift; path = HomeCoordinator.swift; sourceTree = "<group>"; };
		4F48AD1C29DC02FC009450CC /* HomeComponent.swift */ = {isa = PBXFileReference; lastKnownFileType = sourcecode.swift; path = HomeComponent.swift; sourceTree = "<group>"; };
		4F4FC65929D0147F001BFCA3 /* RegistrationComponent.swift */ = {isa = PBXFileReference; lastKnownFileType = sourcecode.swift; path = RegistrationComponent.swift; sourceTree = "<group>"; };
		4F4FC65B29D036FA001BFCA3 /* Launch Screen.storyboard */ = {isa = PBXFileReference; lastKnownFileType = file.storyboard; path = "Launch Screen.storyboard"; sourceTree = "<group>"; };
		4F4FC65E29D0612D001BFCA3 /* ViewController.swift */ = {isa = PBXFileReference; lastKnownFileType = sourcecode.swift; path = ViewController.swift; sourceTree = "<group>"; };
		4F4FC66229D086E8001BFCA3 /* SFProText-Bold.ttf */ = {isa = PBXFileReference; lastKnownFileType = file; path = "SFProText-Bold.ttf"; sourceTree = "<group>"; };
		4F4FC66429D094D8001BFCA3 /* CustomTextField.swift */ = {isa = PBXFileReference; lastKnownFileType = sourcecode.swift; path = CustomTextField.swift; sourceTree = "<group>"; };
		4F53C5DE29DD7CEA00B94D6A /* CustomButton.swift */ = {isa = PBXFileReference; lastKnownFileType = sourcecode.swift; path = CustomButton.swift; sourceTree = "<group>"; };
		4F63C81F29D4113A00B06D35 /* RegistrationViewController.swift */ = {isa = PBXFileReference; lastKnownFileType = sourcecode.swift; path = RegistrationViewController.swift; sourceTree = "<group>"; };
		4F63C82129D4218300B06D35 /* LoginUseCase.swift */ = {isa = PBXFileReference; lastKnownFileType = sourcecode.swift; path = LoginUseCase.swift; sourceTree = "<group>"; };
		4F63C85E29D5B9B300B06D35 /* AuthorizationViewModel.swift */ = {isa = PBXFileReference; lastKnownFileType = sourcecode.swift; path = AuthorizationViewModel.swift; sourceTree = "<group>"; };
		4F63C86529D7E63800B06D35 /* RegistrationViewModel.swift */ = {isa = PBXFileReference; lastKnownFileType = sourcecode.swift; path = RegistrationViewModel.swift; sourceTree = "<group>"; };
		4F63C86A29D80B7300B06D35 /* UIButtonExtension.swift */ = {isa = PBXFileReference; lastKnownFileType = sourcecode.swift; path = UIButtonExtension.swift; sourceTree = "<group>"; };
		4F63C87129D80F7200B06D35 /* KeyChainRepository.swift */ = {isa = PBXFileReference; lastKnownFileType = sourcecode.swift; path = KeyChainRepository.swift; sourceTree = "<group>"; };
		4F63C87329D80F9800B06D35 /* KeyChainRepositoryImpl.swift */ = {isa = PBXFileReference; lastKnownFileType = sourcecode.swift; path = KeyChainRepositoryImpl.swift; sourceTree = "<group>"; };
		4F63C87529D80FF600B06D35 /* KeyChainRepositoryErrorEnum.swift */ = {isa = PBXFileReference; lastKnownFileType = sourcecode.swift; path = KeyChainRepositoryErrorEnum.swift; sourceTree = "<group>"; };
		4F63C87729D8111F00B06D35 /* SaveTokenUseCase.swift */ = {isa = PBXFileReference; lastKnownFileType = sourcecode.swift; path = SaveTokenUseCase.swift; sourceTree = "<group>"; };
		4F63C87929D8113A00B06D35 /* GetTokenUseCase.swift */ = {isa = PBXFileReference; lastKnownFileType = sourcecode.swift; path = GetTokenUseCase.swift; sourceTree = "<group>"; };
		4F63C87E29D811A100B06D35 /* KeyChainTokenTypesEnum.swift */ = {isa = PBXFileReference; lastKnownFileType = sourcecode.swift; path = KeyChainTokenTypesEnum.swift; sourceTree = "<group>"; };
		4F63C88129D8213F00B06D35 /* StringExtension.swift */ = {isa = PBXFileReference; lastKnownFileType = sourcecode.swift; path = StringExtension.swift; sourceTree = "<group>"; };
		4F63C88629D8221700B06D35 /* CheckValidatonHelper.swift */ = {isa = PBXFileReference; lastKnownFileType = sourcecode.swift; path = CheckValidatonHelper.swift; sourceTree = "<group>"; };
		4F63C88829D8222F00B06D35 /* NetwrokingGetTokenHelper.swift */ = {isa = PBXFileReference; lastKnownFileType = sourcecode.swift; path = NetwrokingGetTokenHelper.swift; sourceTree = "<group>"; };
		4F63C88E29D944B800B06D35 /* UITextFieldExtension.swift */ = {isa = PBXFileReference; lastKnownFileType = sourcecode.swift; path = UITextFieldExtension.swift; sourceTree = "<group>"; };
		4F63C89529D9659A00B06D35 /* SaveAuthorizationStatusUseCase.swift */ = {isa = PBXFileReference; lastKnownFileType = sourcecode.swift; path = SaveAuthorizationStatusUseCase.swift; sourceTree = "<group>"; };
		4F63C89729D965EE00B06D35 /* SwiftyUserDefaultsExtansion.swift */ = {isa = PBXFileReference; lastKnownFileType = sourcecode.swift; path = SwiftyUserDefaultsExtansion.swift; sourceTree = "<group>"; };
		4F63C89929D9662F00B06D35 /* GetAuthorizationStatusUseCase.swift */ = {isa = PBXFileReference; lastKnownFileType = sourcecode.swift; path = GetAuthorizationStatusUseCase.swift; sourceTree = "<group>"; };
		4F63C89B29D9667D00B06D35 /* SwiftyUserDefaultsEnum.swift */ = {isa = PBXFileReference; lastKnownFileType = sourcecode.swift; path = SwiftyUserDefaultsEnum.swift; sourceTree = "<group>"; };
		4F63C89D29D9682C00B06D35 /* RegistrationUseCase.swift */ = {isa = PBXFileReference; lastKnownFileType = sourcecode.swift; path = RegistrationUseCase.swift; sourceTree = "<group>"; };
		4F63C8A229D987F500B06D35 /* NetwrokingMessage.swift */ = {isa = PBXFileReference; lastKnownFileType = sourcecode.swift; path = NetwrokingMessage.swift; sourceTree = "<group>"; };
		4F63C8A529D9975600B06D35 /* SwiftLoaderView.swift */ = {isa = PBXFileReference; lastKnownFileType = sourcecode.swift; path = SwiftLoaderView.swift; sourceTree = "<group>"; };
		4F63C8A729D9977500B06D35 /* LoaderView.swift */ = {isa = PBXFileReference; lastKnownFileType = sourcecode.swift; path = LoaderView.swift; sourceTree = "<group>"; };
		4F6B725C29DAB91D00F48DE0 /* R.generated.swift */ = {isa = PBXFileReference; fileEncoding = 4; lastKnownFileType = sourcecode.swift; path = R.generated.swift; sourceTree = SOURCE_ROOT; };
		4FAEC24629D9D939004D04D5 /* en */ = {isa = PBXFileReference; lastKnownFileType = text.plist.strings; name = en; path = en.lproj/Localizable.strings; sourceTree = "<group>"; };
		4FAEC24829D9D96A004D04D5 /* ru */ = {isa = PBXFileReference; lastKnownFileType = text.plist.strings; name = ru; path = ru.lproj/Localizable.strings; sourceTree = "<group>"; };
		4FB1FF1629C9716100BD7141 /* WorldCinema-ios.app */ = {isa = PBXFileReference; explicitFileType = wrapper.application; includeInIndex = 0; path = "WorldCinema-ios.app"; sourceTree = BUILT_PRODUCTS_DIR; };
		4FB1FF1929C9716100BD7141 /* AppDelegate.swift */ = {isa = PBXFileReference; lastKnownFileType = sourcecode.swift; path = AppDelegate.swift; sourceTree = "<group>"; };
		4FB1FF1D29C9716100BD7141 /* MainViewController.swift */ = {isa = PBXFileReference; lastKnownFileType = sourcecode.swift; path = MainViewController.swift; sourceTree = "<group>"; };
		4FB1FF2229C9716200BD7141 /* Assets.xcassets */ = {isa = PBXFileReference; lastKnownFileType = folder.assetcatalog; path = Assets.xcassets; sourceTree = "<group>"; };
		4FB1FF2729C9716200BD7141 /* Info.plist */ = {isa = PBXFileReference; lastKnownFileType = text.plist.xml; name = Info.plist; path = "/Users/sema_alimpiev/Documents/projects.nosync/Mobile-Cinema-Lab1/WorldCinema-ios/Info.plist"; sourceTree = "<absolute>"; };
		4FC8349C29E65A7200792651 /* DispatchQueueExtension.swift */ = {isa = PBXFileReference; lastKnownFileType = sourcecode.swift; path = DispatchQueueExtension.swift; sourceTree = "<group>"; };
		4FC834A029E6709400792651 /* LoadFileHelpler.swift */ = {isa = PBXFileReference; lastKnownFileType = sourcecode.swift; path = LoadFileHelpler.swift; sourceTree = "<group>"; };
		4FC834A229E6814300792651 /* CustomCellView.swift */ = {isa = PBXFileReference; lastKnownFileType = sourcecode.swift; path = CustomCellView.swift; sourceTree = "<group>"; };
		4FCDDD9529CDCBC30005782D /* AuthorizationViewController.swift */ = {isa = PBXFileReference; lastKnownFileType = sourcecode.swift; path = AuthorizationViewController.swift; sourceTree = "<group>"; };
		4FCDDD9729CDCBFD0005782D /* AuthorizationComponent.swift */ = {isa = PBXFileReference; lastKnownFileType = sourcecode.swift; path = AuthorizationComponent.swift; sourceTree = "<group>"; };
		4FD927FD29DC7C7A007EA8FE /* GetHomeCoverRepository.swift */ = {isa = PBXFileReference; lastKnownFileType = sourcecode.swift; path = GetHomeCoverRepository.swift; sourceTree = "<group>"; };
		4FD9280029DC7D44007EA8FE /* CoverResponse.swift */ = {isa = PBXFileReference; lastKnownFileType = sourcecode.swift; path = CoverResponse.swift; sourceTree = "<group>"; };
		4FD9280229DC7DCA007EA8FE /* GetCoverRepositoryImpl.swift */ = {isa = PBXFileReference; lastKnownFileType = sourcecode.swift; path = GetCoverRepositoryImpl.swift; sourceTree = "<group>"; };
		4FD9280529DC80AA007EA8FE /* MovieResponse.swift */ = {isa = PBXFileReference; lastKnownFileType = sourcecode.swift; path = MovieResponse.swift; sourceTree = "<group>"; };
		4FD9280729DC8144007EA8FE /* TagResponse.swift */ = {isa = PBXFileReference; lastKnownFileType = sourcecode.swift; path = TagResponse.swift; sourceTree = "<group>"; };
		4FD9280929DC81F4007EA8FE /* ChatInfoResponse.swift */ = {isa = PBXFileReference; lastKnownFileType = sourcecode.swift; path = ChatInfoResponse.swift; sourceTree = "<group>"; };
		4FD9280B29DC8280007EA8FE /* MovieRepository.swift */ = {isa = PBXFileReference; lastKnownFileType = sourcecode.swift; path = MovieRepository.swift; sourceTree = "<group>"; };
		4FD9280D29DC8364007EA8FE /* MovieRepositoryImpl.swift */ = {isa = PBXFileReference; lastKnownFileType = sourcecode.swift; path = MovieRepositoryImpl.swift; sourceTree = "<group>"; };
		4FD9281029DD1E99007EA8FE /* HomeViewModel.swift */ = {isa = PBXFileReference; lastKnownFileType = sourcecode.swift; path = HomeViewModel.swift; sourceTree = "<group>"; };
		4FD9281329DD1EFD007EA8FE /* GetCoverHomeViewUseCase.swift */ = {isa = PBXFileReference; lastKnownFileType = sourcecode.swift; path = GetCoverHomeViewUseCase.swift; sourceTree = "<group>"; };
		4FD9281529DD20B2007EA8FE /* LogOutUseCase.swift */ = {isa = PBXFileReference; lastKnownFileType = sourcecode.swift; path = LogOutUseCase.swift; sourceTree = "<group>"; };
		4FD9281829DD274D007EA8FE /* InterceptorRequest.swift */ = {isa = PBXFileReference; lastKnownFileType = sourcecode.swift; path = InterceptorRequest.swift; sourceTree = "<group>"; };
		4FD9281A29DD27E2007EA8FE /* NetwrokingKeysEnum.swift */ = {isa = PBXFileReference; lastKnownFileType = sourcecode.swift; path = NetwrokingKeysEnum.swift; sourceTree = "<group>"; };
		4FD9281C29DD28C8007EA8FE /* RefreshTokenUseCase.swift */ = {isa = PBXFileReference; lastKnownFileType = sourcecode.swift; path = RefreshTokenUseCase.swift; sourceTree = "<group>"; };
		4FE851FC29DADC98002CCD6A /* Coordinator.swift */ = {isa = PBXFileReference; lastKnownFileType = sourcecode.swift; path = Coordinator.swift; sourceTree = "<group>"; };
		4FE8520129DAEB82002CCD6A /* HomeViewController.swift */ = {isa = PBXFileReference; lastKnownFileType = sourcecode.swift; path = HomeViewController.swift; sourceTree = "<group>"; };
		4FE8520429DAEBCF002CCD6A /* ProfileViewController.swift */ = {isa = PBXFileReference; lastKnownFileType = sourcecode.swift; path = ProfileViewController.swift; sourceTree = "<group>"; };
		4FE8520929DB28A3002CCD6A /* LoginCoordinator.swift */ = {isa = PBXFileReference; lastKnownFileType = sourcecode.swift; path = LoginCoordinator.swift; sourceTree = "<group>"; };
		4FE8520C29DB2963002CCD6A /* ModuleFactory.swift */ = {isa = PBXFileReference; lastKnownFileType = sourcecode.swift; path = ModuleFactory.swift; sourceTree = "<group>"; };
		4FE8520E29DB2A72002CCD6A /* FlowController.swift */ = {isa = PBXFileReference; lastKnownFileType = sourcecode.swift; path = FlowController.swift; sourceTree = "<group>"; };
		4FE8521029DB2DB2002CCD6A /* CoordinatorFactory.swift */ = {isa = PBXFileReference; lastKnownFileType = sourcecode.swift; path = CoordinatorFactory.swift; sourceTree = "<group>"; };
		4FE8521329DB2ED2002CCD6A /* AppCoordinator.swift */ = {isa = PBXFileReference; lastKnownFileType = sourcecode.swift; path = AppCoordinator.swift; sourceTree = "<group>"; };
		4FE93FBD29E6BA9800F21F4B /* InTrendCollectionView.swift */ = {isa = PBXFileReference; lastKnownFileType = sourcecode.swift; path = InTrendCollectionView.swift; sourceTree = "<group>"; };
		4FE93FC029E6C42800F21F4B /* GetInTrendMovieUseCase.swift */ = {isa = PBXFileReference; lastKnownFileType = sourcecode.swift; path = GetInTrendMovieUseCase.swift; sourceTree = "<group>"; };
		4FE93FC229E6C52100F21F4B /* GetNewMovieUseCase.swift */ = {isa = PBXFileReference; lastKnownFileType = sourcecode.swift; path = GetNewMovieUseCase.swift; sourceTree = "<group>"; };
		4FE93FC429E6C56B00F21F4B /* GetForMeMovieUseCase.swift */ = {isa = PBXFileReference; lastKnownFileType = sourcecode.swift; path = GetForMeMovieUseCase.swift; sourceTree = "<group>"; };
		4FE93FC629E6C5C500F21F4B /* GetLastViewMovieUseCase.swift */ = {isa = PBXFileReference; lastKnownFileType = sourcecode.swift; path = GetLastViewMovieUseCase.swift; sourceTree = "<group>"; };
		4FE93FC829E6C60700F21F4B /* GetCompilationMovieUseCase.swift */ = {isa = PBXFileReference; lastKnownFileType = sourcecode.swift; path = GetCompilationMovieUseCase.swift; sourceTree = "<group>"; };
		4FE93FCB29E6D4EF00F21F4B /* CustomMovieNewCellView.swift */ = {isa = PBXFileReference; lastKnownFileType = sourcecode.swift; path = CustomMovieNewCellView.swift; sourceTree = "<group>"; };
		4FE93FCD29E6D50200F21F4B /* MovieCollectionView.swift */ = {isa = PBXFileReference; lastKnownFileType = sourcecode.swift; path = MovieCollectionView.swift; sourceTree = "<group>"; };
		4FE93FD029E94E0B00F21F4B /* ForYouMovieCollectionView.swift */ = {isa = PBXFileReference; lastKnownFileType = sourcecode.swift; path = ForYouMovieCollectionView.swift; sourceTree = "<group>"; };
		4FE93FD629E969A800F21F4B /* MovieViewController.swift */ = {isa = PBXFileReference; lastKnownFileType = sourcecode.swift; path = MovieViewController.swift; sourceTree = "<group>"; };
		4FE93FD929E969DA00F21F4B /* MovieComponent.swift */ = {isa = PBXFileReference; lastKnownFileType = sourcecode.swift; path = MovieComponent.swift; sourceTree = "<group>"; };
		4FE93FDB29EA50BC00F21F4B /* GetHexColorHelpler.swift */ = {isa = PBXFileReference; lastKnownFileType = sourcecode.swift; path = GetHexColorHelpler.swift; sourceTree = "<group>"; };
		4FE93FDE29EA58E400F21F4B /* ModernRefreshControl.swift */ = {isa = PBXFileReference; lastKnownFileType = sourcecode.swift; path = ModernRefreshControl.swift; sourceTree = "<group>"; };
		4FE93FE029EA591100F21F4B /* ScreamRefreshControl.swift */ = {isa = PBXFileReference; lastKnownFileType = sourcecode.swift; path = ScreamRefreshControl.swift; sourceTree = "<group>"; };
		4FE93FE329EA921900F21F4B /* MovieCoordinator.swift */ = {isa = PBXFileReference; lastKnownFileType = sourcecode.swift; path = MovieCoordinator.swift; sourceTree = "<group>"; };
		4FE93FE629EA9ECF00F21F4B /* MovieViewModel.swift */ = {isa = PBXFileReference; lastKnownFileType = sourcecode.swift; path = MovieViewModel.swift; sourceTree = "<group>"; };
		4FE93FE829EBAAA700F21F4B /* YearEnums.swift */ = {isa = PBXFileReference; lastKnownFileType = sourcecode.swift; path = YearEnums.swift; sourceTree = "<group>"; };
		4FE93FEC29EBD3E300F21F4B /* TagCollectionView.swift */ = {isa = PBXFileReference; lastKnownFileType = sourcecode.swift; path = TagCollectionView.swift; sourceTree = "<group>"; };
		4FE93FEE29EBD4FD00F21F4B /* CustomTegCell.swift */ = {isa = PBXFileReference; lastKnownFileType = sourcecode.swift; path = CustomTegCell.swift; sourceTree = "<group>"; };
		4FE93FF029EBD8CE00F21F4B /* SFProText-Regular.ttf */ = {isa = PBXFileReference; lastKnownFileType = file; path = "SFProText-Regular.ttf"; sourceTree = "<group>"; };
		4FE93FF329EBDA1B00F21F4B /* CadrPreviewCollectionView.swift */ = {isa = PBXFileReference; lastKnownFileType = sourcecode.swift; path = CadrPreviewCollectionView.swift; sourceTree = "<group>"; };
		4FE93FF529EBDD2C00F21F4B /* EpisodesResponse.swift */ = {isa = PBXFileReference; lastKnownFileType = sourcecode.swift; path = EpisodesResponse.swift; sourceTree = "<group>"; };
		4FE93FF729EBDFA800F21F4B /* GetEpisodesRepository.swift */ = {isa = PBXFileReference; lastKnownFileType = sourcecode.swift; path = GetEpisodesRepository.swift; sourceTree = "<group>"; };
		4FE93FF929EBDFFC00F21F4B /* GetEpisodesRepositoryImpl.swift */ = {isa = PBXFileReference; lastKnownFileType = sourcecode.swift; path = GetEpisodesRepositoryImpl.swift; sourceTree = "<group>"; };
		4FE93FFC29EBE10900F21F4B /* GetEpisodesUseCase.swift */ = {isa = PBXFileReference; lastKnownFileType = sourcecode.swift; path = GetEpisodesUseCase.swift; sourceTree = "<group>"; };
		4FE93FFF29EBECEB00F21F4B /* EpisodePreviewCollectionView.swift */ = {isa = PBXFileReference; lastKnownFileType = sourcecode.swift; path = EpisodePreviewCollectionView.swift; sourceTree = "<group>"; };
		4FE9400129EBED1700F21F4B /* CustomEpisodePreviewCell.swift */ = {isa = PBXFileReference; lastKnownFileType = sourcecode.swift; path = CustomEpisodePreviewCell.swift; sourceTree = "<group>"; };
		4FE9400329EC417B00F21F4B /* TagCollectionLayout.swift */ = {isa = PBXFileReference; lastKnownFileType = sourcecode.swift; path = TagCollectionLayout.swift; sourceTree = "<group>"; };
		4FF0B30029CD8C3800A82AFA /* MainViewModel.swift */ = {isa = PBXFileReference; lastKnownFileType = sourcecode.swift; path = MainViewModel.swift; sourceTree = "<group>"; };
		4FF0B30529CD8F5900A82AFA /* MainComponent.swift */ = {isa = PBXFileReference; lastKnownFileType = sourcecode.swift; path = MainComponent.swift; sourceTree = "<group>"; };
		4FF0B30A29CDAAE400A82AFA /* NeedleGenerated.swift */ = {isa = PBXFileReference; fileEncoding = 4; lastKnownFileType = sourcecode.swift; path = NeedleGenerated.swift; sourceTree = "<group>"; };
		DED5753D413B7C64696F11A8 /* Pods-WorldCinema-ios.debug.xcconfig */ = {isa = PBXFileReference; includeInIndex = 1; lastKnownFileType = text.xcconfig; name = "Pods-WorldCinema-ios.debug.xcconfig"; path = "Target Support Files/Pods-WorldCinema-ios/Pods-WorldCinema-ios.debug.xcconfig"; sourceTree = "<group>"; };
		EB513AC45784A428333AB56E /* Pods-WorldCinema-ios.release.xcconfig */ = {isa = PBXFileReference; includeInIndex = 1; lastKnownFileType = text.xcconfig; name = "Pods-WorldCinema-ios.release.xcconfig"; path = "Target Support Files/Pods-WorldCinema-ios/Pods-WorldCinema-ios.release.xcconfig"; sourceTree = "<group>"; };
/* End PBXFileReference section */

/* Begin PBXFrameworksBuildPhase section */
		4FB1FF1329C9716100BD7141 /* Frameworks */ = {
			isa = PBXFrameworksBuildPhase;
			buildActionMask = 2147483647;
			files = (
				4F63C85C29D57FD600B06D35 /* IQKeyboardManagerSwift in Frameworks */,
				4F63C86F29D80F3D00B06D35 /* KeychainAccess in Frameworks */,
				4F63C8A129D96FD600B06D35 /* SPAlert in Frameworks */,
				4F63C89229D9653E00B06D35 /* SwiftyUserDefaults in Frameworks */,
				4F38328E29C976B3000A660D /* Alamofire in Frameworks */,
				4FF0B2F929CC240B00A82AFA /* SnapKit in Frameworks */,
				4F38329729C9B6B7000A660D /* NeedleFoundation in Frameworks */,
				8112FD6E0F6C79EFB03F978C /* Pods_WorldCinema_ios.framework in Frameworks */,
			);
			runOnlyForDeploymentPostprocessing = 0;
		};
/* End PBXFrameworksBuildPhase section */

/* Begin PBXGroup section */
		2EFEABAD5AFBA995EACFB280 /* Pods */ = {
			isa = PBXGroup;
			children = (
				DED5753D413B7C64696F11A8 /* Pods-WorldCinema-ios.debug.xcconfig */,
				EB513AC45784A428333AB56E /* Pods-WorldCinema-ios.release.xcconfig */,
			);
			path = Pods;
			sourceTree = "<group>";
		};
		4F21926729D1E42D001AEB5F /* UseCases */ = {
			isa = PBXGroup;
			children = (
				4FE93FFB29EBE0FC00F21F4B /* Episode */,
				4F4270AA29E302D300A1FC80 /* Profile */,
				4FD9281229DD1EE5007EA8FE /* HomeViewRepository */,
				4F63C89329D9656A00B06D35 /* UserDefaults */,
				4F63C82729D4313800B06D35 /* KeyChainRepository */,
				4F63C82329D430BC00B06D35 /* AuthRepository */,
			);
			path = UseCases;
			sourceTree = "<group>";
		};
		4F21926829D1E440001AEB5F /* Repositories */ = {
			isa = PBXGroup;
			children = (
				4FE851FB29DADC7F002CCD6A /* Coordinators */,
				4F63C87029D80F5B00B06D35 /* KeyChain */,
				4F21926929D1E448001AEB5F /* Networking */,
			);
			path = Repositories;
			sourceTree = "<group>";
		};
		4F21926929D1E448001AEB5F /* Networking */ = {
			isa = PBXGroup;
			children = (
				4F21927429D323FA001AEB5F /* AuthorizationRepository.swift */,
				4FD927FD29DC7C7A007EA8FE /* GetHomeCoverRepository.swift */,
				4FD9280B29DC8280007EA8FE /* MovieRepository.swift */,
				4F42709C29E05A3F00A1FC80 /* CollectionRepository.swift */,
				4F4270A329E300E500A1FC80 /* ProfileRepository.swift */,
				4FE93FF729EBDFA800F21F4B /* GetEpisodesRepository.swift */,
			);
			path = Networking;
			sourceTree = "<group>";
		};
		4F21926A29D1E467001AEB5F /* Model */ = {
			isa = PBXGroup;
			children = (
				4F21927629D32474001AEB5F /* Networking */,
				4F21926D29D2E4CB001AEB5F /* Enums */,
			);
			path = Model;
			sourceTree = "<group>";
		};
		4F21926B29D1E490001AEB5F /* Implementation */ = {
			isa = PBXGroup;
			children = (
				4F21926C29D1E4A0001AEB5F /* Networking */,
				4F63C87329D80F9800B06D35 /* KeyChainRepositoryImpl.swift */,
			);
			path = Implementation;
			sourceTree = "<group>";
		};
		4F21926C29D1E4A0001AEB5F /* Networking */ = {
			isa = PBXGroup;
			children = (
				4F21928129D32B48001AEB5F /* AuthRepositoryImpl.swift */,
				4FD9280229DC7DCA007EA8FE /* GetCoverRepositoryImpl.swift */,
				4FD9280D29DC8364007EA8FE /* MovieRepositoryImpl.swift */,
				4F4270A129E05F0D00A1FC80 /* CollectionRepositoryImpl.swift */,
				4F4270A829E3026200A1FC80 /* ProfileRepositoryImpl.swift */,
				4FE93FF929EBDFFC00F21F4B /* GetEpisodesRepositoryImpl.swift */,
			);
			path = Networking;
			sourceTree = "<group>";
		};
		4F21926D29D2E4CB001AEB5F /* Enums */ = {
			isa = PBXGroup;
			children = (
				4F63C87C29D8117600B06D35 /* KeyChain */,
				4F21928729D32CAD001AEB5F /* Networking */,
				4F63C87529D80FF600B06D35 /* KeyChainRepositoryErrorEnum.swift */,
				4F42709A29DEF6F400A1FC80 /* TabBarEnums.swift */,
				4F4270B029E3EB7A00A1FC80 /* ScreenModelTypeEnums.swift */,
				4FE93FE829EBAAA700F21F4B /* YearEnums.swift */,
			);
			path = Enums;
			sourceTree = "<group>";
		};
		4F21927629D32474001AEB5F /* Networking */ = {
			isa = PBXGroup;
			children = (
				4FD927FF29DC7D00007EA8FE /* HomeRequest */,
				4F21927729D32487001AEB5F /* AuthRequest */,
				4F21928529D32C00001AEB5F /* NetwrokingModel.swift */,
				4F21928A29D32D80001AEB5F /* VoidResponse.swift */,
				4F63C8A229D987F500B06D35 /* NetwrokingMessage.swift */,
			);
			path = Networking;
			sourceTree = "<group>";
		};
		4F21927729D32487001AEB5F /* AuthRequest */ = {
			isa = PBXGroup;
			children = (
				4F21927F29D3287E001AEB5F /* AuthResponse.swift */,
				4F21927829D324AF001AEB5F /* RegistrationRequest.swift */,
				4F21927A29D324F2001AEB5F /* AuthorizationRequest.swift */,
				4F21927C29D3257B001AEB5F /* RefreshTokenRequest.swift */,
			);
			path = AuthRequest;
			sourceTree = "<group>";
		};
		4F21928729D32CAD001AEB5F /* Networking */ = {
			isa = PBXGroup;
			children = (
				4F21928829D32CC5001AEB5F /* NetworkingEnums.swift */,
				4F63C89B29D9667D00B06D35 /* SwiftyUserDefaultsEnum.swift */,
				4FD9281A29DD27E2007EA8FE /* NetwrokingKeysEnum.swift */,
			);
			path = Networking;
			sourceTree = "<group>";
		};
		4F38329229C97798000A660D /* Data */ = {
			isa = PBXGroup;
			children = (
				4F21926B29D1E490001AEB5F /* Implementation */,
				4F21926A29D1E467001AEB5F /* Model */,
			);
			path = Data;
			sourceTree = "<group>";
		};
		4F38329329C977A5000A660D /* Domain */ = {
			isa = PBXGroup;
			children = (
				4FD9281729DD273B007EA8FE /* Interceptor */,
				4FE8520B29DB294A002CCD6A /* Factories */,
				4F63C88529D8220800B06D35 /* Helper */,
				4F21926829D1E440001AEB5F /* Repositories */,
				4F21926729D1E42D001AEB5F /* UseCases */,
				4F4FC65D29D0610B001BFCA3 /* Extensions */,
			);
			path = Domain;
			sourceTree = "<group>";
		};
		4F38329429C977B2000A660D /* Presentation */ = {
			isa = PBXGroup;
			children = (
				4FE93FDD29EA58AD00F21F4B /* ScreamRefreshControl  */,
				4FE851FA29DADC5B002CCD6A /* Navigation */,
				4F63C8A429D9973500B06D35 /* SharedLoaderView */,
				4F4FC66329D094B7001BFCA3 /* Modifed */,
				4FE8520329DAEBB3002CCD6A /* ProfileView */,
				4F42708E29DEE1CD00A1FC80 /* CollectionView */,
				4F42708B29DEE18700A1FC80 /* CompilationView */,
				4FE8520029DAEB54002CCD6A /* HomeView */,
				4FCDDD9229CDBC570005782D /* RegistrationView */,
				4FCDDD9129CDBC4B0005782D /* AuthorizationView */,
				4FF0B2FC29CD8BF600A82AFA /* MainView */,
			);
			path = Presentation;
			sourceTree = "<group>";
		};
		4F42708829DEA6F300A1FC80 /* CustomCell */ = {
			isa = PBXGroup;
			children = (
				4FE93FCF29E94D4200F21F4B /* ForYouMovieCollection */,
				4FE93FCA29E6D4DC00F21F4B /* NewMovieCollection */,
				4FE93FBF29E6BB4D00F21F4B /* InTrendCollcetion */,
			);
			path = CustomCell;
			sourceTree = "<group>";
		};
		4F42708B29DEE18700A1FC80 /* CompilationView */ = {
			isa = PBXGroup;
			children = (
				4F42709229DEE20600A1FC80 /* Component */,
				4F42708C29DEE1B700A1FC80 /* CompilationViewController.swift */,
			);
			path = CompilationView;
			sourceTree = "<group>";
		};
		4F42708E29DEE1CD00A1FC80 /* CollectionView */ = {
			isa = PBXGroup;
			children = (
				4F42709129DEE1F200A1FC80 /* Component */,
				4F42708F29DEE1EC00A1FC80 /* CollectionViewController.swift */,
			);
			path = CollectionView;
			sourceTree = "<group>";
		};
		4F42709129DEE1F200A1FC80 /* Component */ = {
			isa = PBXGroup;
			children = (
				4F42709529DEE2A800A1FC80 /* CollectionComponent.swift */,
			);
			path = Component;
			sourceTree = "<group>";
		};
		4F42709229DEE20600A1FC80 /* Component */ = {
			isa = PBXGroup;
			children = (
				4F42709329DEE29B00A1FC80 /* CompilationComponent.swift */,
			);
			path = Component;
			sourceTree = "<group>";
		};
		4F42709729DEE2B900A1FC80 /* Component */ = {
			isa = PBXGroup;
			children = (
				4F42709829DEE2CA00A1FC80 /* ProfileComponent.swift */,
			);
			path = Component;
			sourceTree = "<group>";
		};
		4F42709E29E05AB200A1FC80 /* Collection */ = {
			isa = PBXGroup;
			children = (
				4F42709F29E05AD500A1FC80 /* CollectionResponse.swift */,
			);
			path = Collection;
			sourceTree = "<group>";
		};
		4F4270A529E301F100A1FC80 /* Profile */ = {
			isa = PBXGroup;
			children = (
				4F4270A629E301FE00A1FC80 /* ProfileResponse.swift */,
			);
			path = Profile;
			sourceTree = "<group>";
		};
		4F4270AA29E302D300A1FC80 /* Profile */ = {
			isa = PBXGroup;
			children = (
				4F4270AB29E302E000A1FC80 /* GetProfileDataUseCase.swift */,
				4F4270BA29E55A4900A1FC80 /* UploadProfileDataUseCase.swift */,
			);
			path = Profile;
			sourceTree = "<group>";
		};
		4F4270AD29E3057500A1FC80 /* ViewModel */ = {
			isa = PBXGroup;
			children = (
				4F4270AE29E3058700A1FC80 /* ProfileViewModel.swift */,
			);
			path = ViewModel;
			sourceTree = "<group>";
		};
		4F4270B429E3F6D900A1FC80 /* CustomAlert */ = {
			isa = PBXGroup;
			children = (
				4F4270B529E3F6F600A1FC80 /* CustomAlert.swift */,
			);
			path = CustomAlert;
			sourceTree = "<group>";
		};
		4F48AD1B29DC02EF009450CC /* Component */ = {
			isa = PBXGroup;
			children = (
				4F48AD1C29DC02FC009450CC /* HomeComponent.swift */,
			);
			path = Component;
			sourceTree = "<group>";
		};
		4F4FC65829D0146D001BFCA3 /* Component */ = {
			isa = PBXGroup;
			children = (
				4F4FC65929D0147F001BFCA3 /* RegistrationComponent.swift */,
			);
			path = Component;
			sourceTree = "<group>";
		};
		4F4FC65D29D0610B001BFCA3 /* Extensions */ = {
			isa = PBXGroup;
			children = (
				4F4FC65E29D0612D001BFCA3 /* ViewController.swift */,
				4F21928329D32BB2001AEB5F /* AlamofireDataResponse.swift */,
				4F21928C29D32DF7001AEB5F /* NSErrorExtension.swift */,
				4F63C86A29D80B7300B06D35 /* UIButtonExtension.swift */,
				4F63C88129D8213F00B06D35 /* StringExtension.swift */,
				4F63C88E29D944B800B06D35 /* UITextFieldExtension.swift */,
				4F63C89729D965EE00B06D35 /* SwiftyUserDefaultsExtansion.swift */,
				4F42708929DEC5F600A1FC80 /* UIImageView.swift */,
				4F4270B229E3F54900A1FC80 /* UIViewExtension.swift */,
				4FC8349C29E65A7200792651 /* DispatchQueueExtension.swift */,
			);
			path = Extensions;
			sourceTree = "<group>";
		};
		4F4FC66029D086D5001BFCA3 /* Resources */ = {
			isa = PBXGroup;
			children = (
				4F63C8A929D99E5600B06D35 /* Localizable */,
				4F4FC65B29D036FA001BFCA3 /* Launch Screen.storyboard */,
				4FB1FF2229C9716200BD7141 /* Assets.xcassets */,
				4F4FC66129D086DD001BFCA3 /* Font */,
			);
			path = Resources;
			sourceTree = "<group>";
		};
		4F4FC66129D086DD001BFCA3 /* Font */ = {
			isa = PBXGroup;
			children = (
				4FE93FF029EBD8CE00F21F4B /* SFProText-Regular.ttf */,
				4F4FC66229D086E8001BFCA3 /* SFProText-Bold.ttf */,
			);
			path = Font;
			sourceTree = "<group>";
		};
		4F4FC66329D094B7001BFCA3 /* Modifed */ = {
			isa = PBXGroup;
			children = (
				4F4FC66429D094D8001BFCA3 /* CustomTextField.swift */,
				4F53C5DE29DD7CEA00B94D6A /* CustomButton.swift */,
			);
			path = Modifed;
			sourceTree = "<group>";
		};
		4F63C82329D430BC00B06D35 /* AuthRepository */ = {
			isa = PBXGroup;
			children = (
				4F63C82129D4218300B06D35 /* LoginUseCase.swift */,
				4F63C89D29D9682C00B06D35 /* RegistrationUseCase.swift */,
				4FD9281529DD20B2007EA8FE /* LogOutUseCase.swift */,
				4FD9281C29DD28C8007EA8FE /* RefreshTokenUseCase.swift */,
			);
			path = AuthRepository;
			sourceTree = "<group>";
		};
		4F63C82729D4313800B06D35 /* KeyChainRepository */ = {
			isa = PBXGroup;
			children = (
				4F63C87729D8111F00B06D35 /* SaveTokenUseCase.swift */,
				4F63C87929D8113A00B06D35 /* GetTokenUseCase.swift */,
			);
			path = KeyChainRepository;
			sourceTree = "<group>";
		};
		4F63C85D29D5B9A000B06D35 /* ViewModel */ = {
			isa = PBXGroup;
			children = (
				4F63C85E29D5B9B300B06D35 /* AuthorizationViewModel.swift */,
			);
			path = ViewModel;
			sourceTree = "<group>";
		};
		4F63C86429D7E61A00B06D35 /* ViewModel */ = {
			isa = PBXGroup;
			children = (
				4F63C86529D7E63800B06D35 /* RegistrationViewModel.swift */,
			);
			path = ViewModel;
			sourceTree = "<group>";
		};
		4F63C87029D80F5B00B06D35 /* KeyChain */ = {
			isa = PBXGroup;
			children = (
				4F63C87129D80F7200B06D35 /* KeyChainRepository.swift */,
			);
			path = KeyChain;
			sourceTree = "<group>";
		};
		4F63C87C29D8117600B06D35 /* KeyChain */ = {
			isa = PBXGroup;
			children = (
				4F63C87E29D811A100B06D35 /* KeyChainTokenTypesEnum.swift */,
			);
			path = KeyChain;
			sourceTree = "<group>";
		};
		4F63C88529D8220800B06D35 /* Helper */ = {
			isa = PBXGroup;
			children = (
				4F63C88629D8221700B06D35 /* CheckValidatonHelper.swift */,
				4F63C88829D8222F00B06D35 /* NetwrokingGetTokenHelper.swift */,
				4FC834A029E6709400792651 /* LoadFileHelpler.swift */,
				4FE93FDB29EA50BC00F21F4B /* GetHexColorHelpler.swift */,
			);
			path = Helper;
			sourceTree = "<group>";
		};
		4F63C89329D9656A00B06D35 /* UserDefaults */ = {
			isa = PBXGroup;
			children = (
				4F63C89429D9658200B06D35 /* AuthorizationStatus */,
			);
			path = UserDefaults;
			sourceTree = "<group>";
		};
		4F63C89429D9658200B06D35 /* AuthorizationStatus */ = {
			isa = PBXGroup;
			children = (
				4F63C89529D9659A00B06D35 /* SaveAuthorizationStatusUseCase.swift */,
				4F63C89929D9662F00B06D35 /* GetAuthorizationStatusUseCase.swift */,
			);
			path = AuthorizationStatus;
			sourceTree = "<group>";
		};
		4F63C8A429D9973500B06D35 /* SharedLoaderView */ = {
			isa = PBXGroup;
			children = (
				4F63C8A529D9975600B06D35 /* SwiftLoaderView.swift */,
				4F63C8A729D9977500B06D35 /* LoaderView.swift */,
			);
			path = SharedLoaderView;
			sourceTree = "<group>";
		};
		4F63C8A929D99E5600B06D35 /* Localizable */ = {
			isa = PBXGroup;
			children = (
				4FAEC24729D9D939004D04D5 /* Localizable.strings */,
			);
			path = Localizable;
			sourceTree = "<group>";
		};
		4FB1FF0D29C9716100BD7141 = {
			isa = PBXGroup;
			children = (
				4FB1FF1829C9716100BD7141 /* WorldCinema-ios */,
				4FB1FF1729C9716100BD7141 /* Products */,
				2EFEABAD5AFBA995EACFB280 /* Pods */,
				806C9273E8A1C8AC449EF981 /* Frameworks */,
			);
			sourceTree = "<group>";
		};
		4FB1FF1729C9716100BD7141 /* Products */ = {
			isa = PBXGroup;
			children = (
				4FB1FF1629C9716100BD7141 /* WorldCinema-ios.app */,
			);
			name = Products;
			sourceTree = "<group>";
		};
		4FB1FF1829C9716100BD7141 /* WorldCinema-ios */ = {
			isa = PBXGroup;
			children = (
				4F6B725C29DAB91D00F48DE0 /* R.generated.swift */,
				4F4FC66029D086D5001BFCA3 /* Resources */,
				4F38329229C97798000A660D /* Data */,
				4F38329329C977A5000A660D /* Domain */,
				4F38329429C977B2000A660D /* Presentation */,
				4FB1FF1929C9716100BD7141 /* AppDelegate.swift */,
				4FF0B30A29CDAAE400A82AFA /* NeedleGenerated.swift */,
				4FB1FF2729C9716200BD7141 /* Info.plist */,
			);
			path = "WorldCinema-ios";
			sourceTree = "<group>";
		};
		4FCDDD9129CDBC4B0005782D /* AuthorizationView */ = {
			isa = PBXGroup;
			children = (
				4F63C85D29D5B9A000B06D35 /* ViewModel */,
				4FCDDD9429CDCB8A0005782D /* Component */,
				4FCDDD9529CDCBC30005782D /* AuthorizationViewController.swift */,
			);
			path = AuthorizationView;
			sourceTree = "<group>";
		};
		4FCDDD9229CDBC570005782D /* RegistrationView */ = {
			isa = PBXGroup;
			children = (
				4F63C86429D7E61A00B06D35 /* ViewModel */,
				4F4FC65829D0146D001BFCA3 /* Component */,
				4F63C81F29D4113A00B06D35 /* RegistrationViewController.swift */,
			);
			path = RegistrationView;
			sourceTree = "<group>";
		};
		4FCDDD9429CDCB8A0005782D /* Component */ = {
			isa = PBXGroup;
			children = (
				4FCDDD9729CDCBFD0005782D /* AuthorizationComponent.swift */,
			);
			path = Component;
			sourceTree = "<group>";
		};
		4FD927FF29DC7D00007EA8FE /* HomeRequest */ = {
			isa = PBXGroup;
			children = (
				4F4270A529E301F100A1FC80 /* Profile */,
				4F42709E29E05AB200A1FC80 /* Collection */,
				4FD9280429DC808E007EA8FE /* Movie */,
				4FD9280029DC7D44007EA8FE /* CoverResponse.swift */,
			);
			path = HomeRequest;
			sourceTree = "<group>";
		};
		4FD9280429DC808E007EA8FE /* Movie */ = {
			isa = PBXGroup;
			children = (
				4FD9280529DC80AA007EA8FE /* MovieResponse.swift */,
				4FD9280729DC8144007EA8FE /* TagResponse.swift */,
				4FD9280929DC81F4007EA8FE /* ChatInfoResponse.swift */,
				4FE93FF529EBDD2C00F21F4B /* EpisodesResponse.swift */,
			);
			path = Movie;
			sourceTree = "<group>";
		};
		4FD9280F29DD1E88007EA8FE /* ViewModel */ = {
			isa = PBXGroup;
			children = (
				4FD9281029DD1E99007EA8FE /* HomeViewModel.swift */,
			);
			path = ViewModel;
			sourceTree = "<group>";
		};
		4FD9281229DD1EE5007EA8FE /* HomeViewRepository */ = {
			isa = PBXGroup;
			children = (
				4FD9281329DD1EFD007EA8FE /* GetCoverHomeViewUseCase.swift */,
				4FE93FC029E6C42800F21F4B /* GetInTrendMovieUseCase.swift */,
				4FE93FC229E6C52100F21F4B /* GetNewMovieUseCase.swift */,
				4FE93FC429E6C56B00F21F4B /* GetForMeMovieUseCase.swift */,
				4FE93FC629E6C5C500F21F4B /* GetLastViewMovieUseCase.swift */,
				4FE93FC829E6C60700F21F4B /* GetCompilationMovieUseCase.swift */,
			);
			path = HomeViewRepository;
			sourceTree = "<group>";
		};
		4FD9281729DD273B007EA8FE /* Interceptor */ = {
			isa = PBXGroup;
			children = (
				4FD9281829DD274D007EA8FE /* InterceptorRequest.swift */,
			);
			path = Interceptor;
			sourceTree = "<group>";
		};
		4FE851FA29DADC5B002CCD6A /* Navigation */ = {
			isa = PBXGroup;
			children = (
				4FE93FE229EA754100F21F4B /* MovieCoordinator */,
				4FE8521529DB348C002CCD6A /* HomeCoordinator */,
				4FE8520629DB2878002CCD6A /* LoginCoordinator */,
				4FE8521329DB2ED2002CCD6A /* AppCoordinator.swift */,
			);
			path = Navigation;
			sourceTree = "<group>";
		};
		4FE851FB29DADC7F002CCD6A /* Coordinators */ = {
			isa = PBXGroup;
			children = (
				4FE851FC29DADC98002CCD6A /* Coordinator.swift */,
				4FE8520E29DB2A72002CCD6A /* FlowController.swift */,
			);
			path = Coordinators;
			sourceTree = "<group>";
		};
		4FE8520029DAEB54002CCD6A /* HomeView */ = {
			isa = PBXGroup;
			children = (
				4FE93FD429E968D600F21F4B /* SubView */,
				4F42708829DEA6F300A1FC80 /* CustomCell */,
				4FD9280F29DD1E88007EA8FE /* ViewModel */,
				4F48AD1B29DC02EF009450CC /* Component */,
				4FE8520129DAEB82002CCD6A /* HomeViewController.swift */,
			);
			path = HomeView;
			sourceTree = "<group>";
		};
		4FE8520329DAEBB3002CCD6A /* ProfileView */ = {
			isa = PBXGroup;
			children = (
				4F4270B429E3F6D900A1FC80 /* CustomAlert */,
				4F4270AD29E3057500A1FC80 /* ViewModel */,
				4F42709729DEE2B900A1FC80 /* Component */,
				4FE8520429DAEBCF002CCD6A /* ProfileViewController.swift */,
			);
			path = ProfileView;
			sourceTree = "<group>";
		};
		4FE8520629DB2878002CCD6A /* LoginCoordinator */ = {
			isa = PBXGroup;
			children = (
				4FE8520929DB28A3002CCD6A /* LoginCoordinator.swift */,
			);
			path = LoginCoordinator;
			sourceTree = "<group>";
		};
		4FE8520B29DB294A002CCD6A /* Factories */ = {
			isa = PBXGroup;
			children = (
				4FE8520C29DB2963002CCD6A /* ModuleFactory.swift */,
				4FE8521029DB2DB2002CCD6A /* CoordinatorFactory.swift */,
			);
			path = Factories;
			sourceTree = "<group>";
		};
		4FE8521529DB348C002CCD6A /* HomeCoordinator */ = {
			isa = PBXGroup;
			children = (
				4F48AD1929DC01BF009450CC /* HomeCoordinator.swift */,
			);
			path = HomeCoordinator;
			sourceTree = "<group>";
		};
		4FE93FBF29E6BB4D00F21F4B /* InTrendCollcetion */ = {
			isa = PBXGroup;
			children = (
				4FC834A229E6814300792651 /* CustomCellView.swift */,
				4FE93FBD29E6BA9800F21F4B /* InTrendCollectionView.swift */,
			);
			path = InTrendCollcetion;
			sourceTree = "<group>";
		};
		4FE93FCA29E6D4DC00F21F4B /* NewMovieCollection */ = {
			isa = PBXGroup;
			children = (
				4FE93FCB29E6D4EF00F21F4B /* CustomMovieNewCellView.swift */,
				4FE93FCD29E6D50200F21F4B /* MovieCollectionView.swift */,
			);
			path = NewMovieCollection;
			sourceTree = "<group>";
		};
		4FE93FCF29E94D4200F21F4B /* ForYouMovieCollection */ = {
			isa = PBXGroup;
			children = (
				4FE93FD029E94E0B00F21F4B /* ForYouMovieCollectionView.swift */,
			);
			path = ForYouMovieCollection;
			sourceTree = "<group>";
		};
		4FE93FD329E968C300F21F4B /* MovieView */ = {
			isa = PBXGroup;
			children = (
				4FE93FEA29EBD3BC00F21F4B /* SubCollectionView */,
				4FE93FE529EA9EBF00F21F4B /* ViewModel */,
				4FE93FD829E969AD00F21F4B /* Component */,
				4FE93FD629E969A800F21F4B /* MovieViewController.swift */,
			);
			path = MovieView;
			sourceTree = "<group>";
		};
		4FE93FD429E968D600F21F4B /* SubView */ = {
			isa = PBXGroup;
			children = (
				4FE93FD529E968E000F21F4B /* EpisodeView */,
				4FE93FD329E968C300F21F4B /* MovieView */,
			);
			path = SubView;
			sourceTree = "<group>";
		};
		4FE93FD529E968E000F21F4B /* EpisodeView */ = {
			isa = PBXGroup;
			children = (
			);
			path = EpisodeView;
			sourceTree = "<group>";
		};
		4FE93FD829E969AD00F21F4B /* Component */ = {
			isa = PBXGroup;
			children = (
				4FE93FD929E969DA00F21F4B /* MovieComponent.swift */,
			);
			path = Component;
			sourceTree = "<group>";
		};
		4FE93FDD29EA58AD00F21F4B /* ScreamRefreshControl  */ = {
			isa = PBXGroup;
			children = (
				4FE93FDE29EA58E400F21F4B /* ModernRefreshControl.swift */,
				4FE93FE029EA591100F21F4B /* ScreamRefreshControl.swift */,
			);
			path = "ScreamRefreshControl ";
			sourceTree = "<group>";
		};
		4FE93FE229EA754100F21F4B /* MovieCoordinator */ = {
			isa = PBXGroup;
			children = (
				4FE93FE329EA921900F21F4B /* MovieCoordinator.swift */,
			);
			path = MovieCoordinator;
			sourceTree = "<group>";
		};
		4FE93FE529EA9EBF00F21F4B /* ViewModel */ = {
			isa = PBXGroup;
			children = (
				4FE93FE629EA9ECF00F21F4B /* MovieViewModel.swift */,
			);
			path = ViewModel;
			sourceTree = "<group>";
		};
		4FE93FEA29EBD3BC00F21F4B /* SubCollectionView */ = {
			isa = PBXGroup;
			children = (
				4FE93FFE29EBECA500F21F4B /* EpisodePreviewCollectionView */,
				4FE93FF229EBDA0300F21F4B /* CadrPreviewCollectionView */,
				4FE93FEB29EBD3D100F21F4B /* TagCollectionView */,
			);
			path = SubCollectionView;
			sourceTree = "<group>";
		};
		4FE93FEB29EBD3D100F21F4B /* TagCollectionView */ = {
			isa = PBXGroup;
			children = (
				4FE93FEC29EBD3E300F21F4B /* TagCollectionView.swift */,
				4FE93FEE29EBD4FD00F21F4B /* CustomTegCell.swift */,
				4FE9400329EC417B00F21F4B /* TagCollectionLayout.swift */,
			);
			path = TagCollectionView;
			sourceTree = "<group>";
		};
		4FE93FF229EBDA0300F21F4B /* CadrPreviewCollectionView */ = {
			isa = PBXGroup;
			children = (
				4FE93FF329EBDA1B00F21F4B /* CadrPreviewCollectionView.swift */,
			);
			path = CadrPreviewCollectionView;
			sourceTree = "<group>";
		};
		4FE93FFB29EBE0FC00F21F4B /* Episode */ = {
			isa = PBXGroup;
			children = (
				4FE93FFC29EBE10900F21F4B /* GetEpisodesUseCase.swift */,
			);
			path = Episode;
			sourceTree = "<group>";
		};
		4FE93FFE29EBECA500F21F4B /* EpisodePreviewCollectionView */ = {
			isa = PBXGroup;
			children = (
				4FE93FFF29EBECEB00F21F4B /* EpisodePreviewCollectionView.swift */,
				4FE9400129EBED1700F21F4B /* CustomEpisodePreviewCell.swift */,
			);
			path = EpisodePreviewCollectionView;
			sourceTree = "<group>";
		};
		4FF0B2FC29CD8BF600A82AFA /* MainView */ = {
			isa = PBXGroup;
			children = (
				4FF0B30429CD8F4800A82AFA /* Component */,
				4FF0B2FD29CD8C0900A82AFA /* ViewModel */,
				4FB1FF1D29C9716100BD7141 /* MainViewController.swift */,
			);
			path = MainView;
			sourceTree = "<group>";
		};
		4FF0B2FD29CD8C0900A82AFA /* ViewModel */ = {
			isa = PBXGroup;
			children = (
				4FF0B30029CD8C3800A82AFA /* MainViewModel.swift */,
			);
			path = ViewModel;
			sourceTree = "<group>";
		};
		4FF0B30429CD8F4800A82AFA /* Component */ = {
			isa = PBXGroup;
			children = (
				4FF0B30529CD8F5900A82AFA /* MainComponent.swift */,
			);
			path = Component;
			sourceTree = "<group>";
		};
		806C9273E8A1C8AC449EF981 /* Frameworks */ = {
			isa = PBXGroup;
			children = (
				18115F9AA1C683A04A38F103 /* Pods_WorldCinema_ios.framework */,
			);
			name = Frameworks;
			sourceTree = "<group>";
		};
/* End PBXGroup section */

/* Begin PBXNativeTarget section */
		4FB1FF1529C9716100BD7141 /* WorldCinema-ios */ = {
			isa = PBXNativeTarget;
			buildConfigurationList = 4FB1FF2A29C9716200BD7141 /* Build configuration list for PBXNativeTarget "WorldCinema-ios" */;
			buildPhases = (
				BCD3FF6F4F3932FEE245C0CE /* [CP] Check Pods Manifest.lock */,
				4F47BA4A29DAAFCC00DF7203 /* ShellScript */,
				4FCDDD9329CDC77F0005782D /* Run Script */,
				4FB1FF1229C9716100BD7141 /* Sources */,
				4FB1FF1329C9716100BD7141 /* Frameworks */,
				4FB1FF1429C9716100BD7141 /* Resources */,
				701045781E7F7CF9D0D9CACB /* [CP] Embed Pods Frameworks */,
			);
			buildRules = (
			);
			dependencies = (
			);
			name = "WorldCinema-ios";
			packageProductDependencies = (
				4F38328D29C976B3000A660D /* Alamofire */,
				4F38329629C9B6B7000A660D /* NeedleFoundation */,
				4FF0B2F829CC240B00A82AFA /* SnapKit */,
				4F63C85B29D57FD600B06D35 /* IQKeyboardManagerSwift */,
				4F63C86E29D80F3D00B06D35 /* KeychainAccess */,
				4F63C89129D9653E00B06D35 /* SwiftyUserDefaults */,
				4F63C8A029D96FD600B06D35 /* SPAlert */,
			);
			productName = "WorldCinema-ios";
			productReference = 4FB1FF1629C9716100BD7141 /* WorldCinema-ios.app */;
			productType = "com.apple.product-type.application";
		};
/* End PBXNativeTarget section */

/* Begin PBXProject section */
		4FB1FF0E29C9716100BD7141 /* Project object */ = {
			isa = PBXProject;
			attributes = {
				BuildIndependentTargetsInParallel = 1;
				LastSwiftUpdateCheck = 1420;
				LastUpgradeCheck = 1420;
				TargetAttributes = {
					4FB1FF1529C9716100BD7141 = {
						CreatedOnToolsVersion = 14.2;
					};
				};
			};
			buildConfigurationList = 4FB1FF1129C9716100BD7141 /* Build configuration list for PBXProject "WorldCinema-ios" */;
			compatibilityVersion = "Xcode 14.0";
			developmentRegion = en;
			hasScannedForEncodings = 0;
			knownRegions = (
				en,
				Base,
				ru,
			);
			mainGroup = 4FB1FF0D29C9716100BD7141;
			packageReferences = (
				4F38328C29C976B3000A660D /* XCRemoteSwiftPackageReference "Alamofire" */,
				4F38329529C9B6B7000A660D /* XCRemoteSwiftPackageReference "needle" */,
				4FF0B2F729CC240B00A82AFA /* XCRemoteSwiftPackageReference "SnapKit" */,
				4F63C85A29D57FD600B06D35 /* XCRemoteSwiftPackageReference "IQKeyboardManager" */,
				4F63C86D29D80F3D00B06D35 /* XCRemoteSwiftPackageReference "KeychainAccess" */,
				4F63C89029D9653E00B06D35 /* XCRemoteSwiftPackageReference "SwiftyUserDefaults" */,
				4F63C89F29D96FD600B06D35 /* XCRemoteSwiftPackageReference "SPAlert" */,
			);
			productRefGroup = 4FB1FF1729C9716100BD7141 /* Products */;
			projectDirPath = "";
			projectRoot = "";
			targets = (
				4FB1FF1529C9716100BD7141 /* WorldCinema-ios */,
			);
		};
/* End PBXProject section */

/* Begin PBXResourcesBuildPhase section */
		4FB1FF1429C9716100BD7141 /* Resources */ = {
			isa = PBXResourcesBuildPhase;
			buildActionMask = 2147483647;
			files = (
				4F4FC65C29D036FA001BFCA3 /* Launch Screen.storyboard in Resources */,
				4FE93FF129EBD8CE00F21F4B /* SFProText-Regular.ttf in Resources */,
				4F63C86C29D80D3700B06D35 /* SFProText-Bold.ttf in Resources */,
				4FB1FF2329C9716200BD7141 /* Assets.xcassets in Resources */,
				4FAEC24529D9D939004D04D5 /* Localizable.strings in Resources */,
			);
			runOnlyForDeploymentPostprocessing = 0;
		};
/* End PBXResourcesBuildPhase section */

/* Begin PBXShellScriptBuildPhase section */
		4F47BA4A29DAAFCC00DF7203 /* ShellScript */ = {
			isa = PBXShellScriptBuildPhase;
			alwaysOutOfDate = 1;
			buildActionMask = 12;
			files = (
			);
			inputFileListPaths = (
			);
			inputPaths = (
			);
			outputFileListPaths = (
			);
			outputPaths = (
				$SRCROOT/R.generated.swift,
			);
			runOnlyForDeploymentPostprocessing = 0;
			shellPath = /bin/sh;
			shellScript = "\"$PODS_ROOT/R.swift/rswift\" generate \"$SRCROOT/R.generated.swift\"\n";
			showEnvVarsInLog = 0;
		};
		4FCDDD9329CDC77F0005782D /* Run Script */ = {
			isa = PBXShellScriptBuildPhase;
			alwaysOutOfDate = 1;
			buildActionMask = 12;
			files = (
			);
			inputFileListPaths = (
			);
			inputPaths = (
			);
			name = "Run Script";
			outputFileListPaths = (
			);
			outputPaths = (
			);
			runOnlyForDeploymentPostprocessing = 0;
			shellPath = /bin/sh;
			shellScript = "needle generate WorldCinema-ios/NeedleGenerated.swift WorldCinema-ios/\n";
		};
		701045781E7F7CF9D0D9CACB /* [CP] Embed Pods Frameworks */ = {
			isa = PBXShellScriptBuildPhase;
			buildActionMask = 2147483647;
			files = (
			);
			inputFileListPaths = (
				"${PODS_ROOT}/Target Support Files/Pods-WorldCinema-ios/Pods-WorldCinema-ios-frameworks-${CONFIGURATION}-input-files.xcfilelist",
			);
			name = "[CP] Embed Pods Frameworks";
			outputFileListPaths = (
				"${PODS_ROOT}/Target Support Files/Pods-WorldCinema-ios/Pods-WorldCinema-ios-frameworks-${CONFIGURATION}-output-files.xcfilelist",
			);
			runOnlyForDeploymentPostprocessing = 0;
			shellPath = /bin/sh;
			shellScript = "\"${PODS_ROOT}/Target Support Files/Pods-WorldCinema-ios/Pods-WorldCinema-ios-frameworks.sh\"\n";
			showEnvVarsInLog = 0;
		};
		BCD3FF6F4F3932FEE245C0CE /* [CP] Check Pods Manifest.lock */ = {
			isa = PBXShellScriptBuildPhase;
			buildActionMask = 2147483647;
			files = (
			);
			inputFileListPaths = (
			);
			inputPaths = (
				"${PODS_PODFILE_DIR_PATH}/Podfile.lock",
				"${PODS_ROOT}/Manifest.lock",
			);
			name = "[CP] Check Pods Manifest.lock";
			outputFileListPaths = (
			);
			outputPaths = (
				"$(DERIVED_FILE_DIR)/Pods-WorldCinema-ios-checkManifestLockResult.txt",
			);
			runOnlyForDeploymentPostprocessing = 0;
			shellPath = /bin/sh;
			shellScript = "diff \"${PODS_PODFILE_DIR_PATH}/Podfile.lock\" \"${PODS_ROOT}/Manifest.lock\" > /dev/null\nif [ $? != 0 ] ; then\n    # print error to STDERR\n    echo \"error: The sandbox is not in sync with the Podfile.lock. Run 'pod install' or update your CocoaPods installation.\" >&2\n    exit 1\nfi\n# This output is used by Xcode 'outputs' to avoid re-running this script phase.\necho \"SUCCESS\" > \"${SCRIPT_OUTPUT_FILE_0}\"\n";
			showEnvVarsInLog = 0;
		};
/* End PBXShellScriptBuildPhase section */

/* Begin PBXSourcesBuildPhase section */
		4FB1FF1229C9716100BD7141 /* Sources */ = {
			isa = PBXSourcesBuildPhase;
			buildActionMask = 2147483647;
			files = (
				4FE93FFD29EBE10900F21F4B /* GetEpisodesUseCase.swift in Sources */,
				4F53C5DF29DD7CEA00B94D6A /* CustomButton.swift in Sources */,
				4FE93FDF29EA58E400F21F4B /* ModernRefreshControl.swift in Sources */,
				4FCDDD9629CDCBC30005782D /* AuthorizationViewController.swift in Sources */,
				4FD9281129DD1E99007EA8FE /* HomeViewModel.swift in Sources */,
				4F21927D29D3257B001AEB5F /* RefreshTokenRequest.swift in Sources */,
				4F21928429D32BB2001AEB5F /* AlamofireDataResponse.swift in Sources */,
				4FE8520D29DB2963002CCD6A /* ModuleFactory.swift in Sources */,
				4F63C87F29D811A100B06D35 /* KeyChainTokenTypesEnum.swift in Sources */,
				4F4270A229E05F0D00A1FC80 /* CollectionRepositoryImpl.swift in Sources */,
				4F48AD1A29DC01BF009450CC /* HomeCoordinator.swift in Sources */,
				4FE9400029EBECEB00F21F4B /* EpisodePreviewCollectionView.swift in Sources */,
				4F63C89A29D9662F00B06D35 /* GetAuthorizationStatusUseCase.swift in Sources */,
				4FE93FF429EBDA1B00F21F4B /* CadrPreviewCollectionView.swift in Sources */,
				4F63C87229D80F7200B06D35 /* KeyChainRepository.swift in Sources */,
				4FB1FF1E29C9716100BD7141 /* MainViewController.swift in Sources */,
				4FE851FD29DADC98002CCD6A /* Coordinator.swift in Sources */,
				4FE93FEF29EBD4FD00F21F4B /* CustomTegCell.swift in Sources */,
				4FE9400429EC417B00F21F4B /* TagCollectionLayout.swift in Sources */,
				4FE8521129DB2DB2002CCD6A /* CoordinatorFactory.swift in Sources */,
				4F4270BB29E55A4900A1FC80 /* UploadProfileDataUseCase.swift in Sources */,
				4F63C85F29D5B9B300B06D35 /* AuthorizationViewModel.swift in Sources */,
				4F63C88929D8222F00B06D35 /* NetwrokingGetTokenHelper.swift in Sources */,
				4FC8349D29E65A7200792651 /* DispatchQueueExtension.swift in Sources */,
				4FE93FC929E6C60700F21F4B /* GetCompilationMovieUseCase.swift in Sources */,
				4F4270B129E3EB7A00A1FC80 /* ScreenModelTypeEnums.swift in Sources */,
				4FE9400229EBED1700F21F4B /* CustomEpisodePreviewCell.swift in Sources */,
				4F63C82029D4113A00B06D35 /* RegistrationViewController.swift in Sources */,
				4FD9281429DD1EFD007EA8FE /* GetCoverHomeViewUseCase.swift in Sources */,
				4F63C88229D8213F00B06D35 /* StringExtension.swift in Sources */,
				4F21928229D32B48001AEB5F /* AuthRepositoryImpl.swift in Sources */,
				4F63C87429D80F9800B06D35 /* KeyChainRepositoryImpl.swift in Sources */,
				4FB1FF1A29C9716100BD7141 /* AppDelegate.swift in Sources */,
				4FC834A329E6814300792651 /* CustomCellView.swift in Sources */,
				4F63C8A629D9975600B06D35 /* SwiftLoaderView.swift in Sources */,
				4FE93FBE29E6BA9800F21F4B /* InTrendCollectionView.swift in Sources */,
				4F4270B329E3F54900A1FC80 /* UIViewExtension.swift in Sources */,
				4F63C89629D9659A00B06D35 /* SaveAuthorizationStatusUseCase.swift in Sources */,
				4F42709629DEE2A800A1FC80 /* CollectionComponent.swift in Sources */,
				4FE8521429DB2ED2002CCD6A /* AppCoordinator.swift in Sources */,
				4FE93FC729E6C5C500F21F4B /* GetLastViewMovieUseCase.swift in Sources */,
				4FE93FE929EBAAA700F21F4B /* YearEnums.swift in Sources */,
				4F63C8A829D9977500B06D35 /* LoaderView.swift in Sources */,
				4FE93FDC29EA50BC00F21F4B /* GetHexColorHelpler.swift in Sources */,
				4F21928D29D32DF7001AEB5F /* NSErrorExtension.swift in Sources */,
				4F4FC65F29D0612D001BFCA3 /* ViewController.swift in Sources */,
				4FE93FE429EA921900F21F4B /* MovieCoordinator.swift in Sources */,
				4FE93FFA29EBDFFC00F21F4B /* GetEpisodesRepositoryImpl.swift in Sources */,
				4F4FC66529D094D8001BFCA3 /* CustomTextField.swift in Sources */,
				4FE93FC529E6C56B00F21F4B /* GetForMeMovieUseCase.swift in Sources */,
				4FE8520529DAEBD0002CCD6A /* ProfileViewController.swift in Sources */,
				4FE93FF829EBDFA800F21F4B /* GetEpisodesRepository.swift in Sources */,
				4F21928929D32CC5001AEB5F /* NetworkingEnums.swift in Sources */,
				4FE93FC329E6C52100F21F4B /* GetNewMovieUseCase.swift in Sources */,
				4FD9280629DC80AA007EA8FE /* MovieResponse.swift in Sources */,
				4F4270A429E300E500A1FC80 /* ProfileRepository.swift in Sources */,
				4FE93FC129E6C42800F21F4B /* GetInTrendMovieUseCase.swift in Sources */,
				4F4270AC29E302E000A1FC80 /* GetProfileDataUseCase.swift in Sources */,
				4F21928629D32C00001AEB5F /* NetwrokingModel.swift in Sources */,
				4F63C8A329D987F500B06D35 /* NetwrokingMessage.swift in Sources */,
				4FD9280A29DC81F4007EA8FE /* ChatInfoResponse.swift in Sources */,
				4FE93FCC29E6D4EF00F21F4B /* CustomMovieNewCellView.swift in Sources */,
				4F42708D29DEE1B700A1FC80 /* CompilationViewController.swift in Sources */,
				4F42709B29DEF6F400A1FC80 /* TabBarEnums.swift in Sources */,
				4F63C88729D8221700B06D35 /* CheckValidatonHelper.swift in Sources */,
				4FE8520F29DB2A72002CCD6A /* FlowController.swift in Sources */,
				4F42709429DEE29B00A1FC80 /* CompilationComponent.swift in Sources */,
				4FD9281D29DD28C8007EA8FE /* RefreshTokenUseCase.swift in Sources */,
				4FD9281B29DD27E2007EA8FE /* NetwrokingKeysEnum.swift in Sources */,
				4F63C89C29D9667D00B06D35 /* SwiftyUserDefaultsEnum.swift in Sources */,
				4F63C87829D8111F00B06D35 /* SaveTokenUseCase.swift in Sources */,
				4FE93FD729E969A800F21F4B /* MovieViewController.swift in Sources */,
				4F21927529D323FA001AEB5F /* AuthorizationRepository.swift in Sources */,
				4F21927929D324AF001AEB5F /* RegistrationRequest.swift in Sources */,
				4F21927B29D324F2001AEB5F /* AuthorizationRequest.swift in Sources */,
				4FCDDD9829CDCBFD0005782D /* AuthorizationComponent.swift in Sources */,
				4FE93FCE29E6D50200F21F4B /* MovieCollectionView.swift in Sources */,
				4F63C88F29D944B800B06D35 /* UITextFieldExtension.swift in Sources */,
				4F4FC65A29D0147F001BFCA3 /* RegistrationComponent.swift in Sources */,
				4F4270B629E3F6F600A1FC80 /* CustomAlert.swift in Sources */,
				4F42709929DEE2CA00A1FC80 /* ProfileComponent.swift in Sources */,
				4FD9281929DD274D007EA8FE /* InterceptorRequest.swift in Sources */,
				4FE93FE129EA591100F21F4B /* ScreamRefreshControl.swift in Sources */,
				4FE93FED29EBD3E300F21F4B /* TagCollectionView.swift in Sources */,
				4FD9280329DC7DCA007EA8FE /* GetCoverRepositoryImpl.swift in Sources */,
				4FE93FD129E94E0B00F21F4B /* ForYouMovieCollectionView.swift in Sources */,
				4F63C87629D80FF600B06D35 /* KeyChainRepositoryErrorEnum.swift in Sources */,
				4FF0B30B29CDAAE400A82AFA /* NeedleGenerated.swift in Sources */,
				4F42709D29E05A3F00A1FC80 /* CollectionRepository.swift in Sources */,
				4FC834A129E6709400792651 /* LoadFileHelpler.swift in Sources */,
				4FD9280129DC7D44007EA8FE /* CoverResponse.swift in Sources */,
				4F6B725D29DAB91D00F48DE0 /* R.generated.swift in Sources */,
				4F4270A029E05AD500A1FC80 /* CollectionResponse.swift in Sources */,
				4FF0B30129CD8C3800A82AFA /* MainViewModel.swift in Sources */,
				4FD9280C29DC8280007EA8FE /* MovieRepository.swift in Sources */,
				4F4270AF29E3058700A1FC80 /* ProfileViewModel.swift in Sources */,
				4FD9280829DC8144007EA8FE /* TagResponse.swift in Sources */,
				4FF0B30629CD8F5900A82AFA /* MainComponent.swift in Sources */,
				4FE8520229DAEB82002CCD6A /* HomeViewController.swift in Sources */,
				4FD927FE29DC7C7A007EA8FE /* GetHomeCoverRepository.swift in Sources */,
				4F63C87A29D8113A00B06D35 /* GetTokenUseCase.swift in Sources */,
				4F63C89E29D9682C00B06D35 /* RegistrationUseCase.swift in Sources */,
				4F48AD1D29DC02FC009450CC /* HomeComponent.swift in Sources */,
				4F21928B29D32D80001AEB5F /* VoidResponse.swift in Sources */,
				4FE8520A29DB28A3002CCD6A /* LoginCoordinator.swift in Sources */,
				4FE93FE729EA9ECF00F21F4B /* MovieViewModel.swift in Sources */,
				4F4270A929E3026200A1FC80 /* ProfileRepositoryImpl.swift in Sources */,
				4F42708A29DEC5F600A1FC80 /* UIImageView.swift in Sources */,
				4F42709029DEE1EC00A1FC80 /* CollectionViewController.swift in Sources */,
				4F4270A729E301FE00A1FC80 /* ProfileResponse.swift in Sources */,
				4FE93FDA29E969DA00F21F4B /* MovieComponent.swift in Sources */,
				4FE93FF629EBDD2C00F21F4B /* EpisodesResponse.swift in Sources */,
				4F63C89829D965EE00B06D35 /* SwiftyUserDefaultsExtansion.swift in Sources */,
				4F63C86B29D80B7300B06D35 /* UIButtonExtension.swift in Sources */,
				4FD9281629DD20B2007EA8FE /* LogOutUseCase.swift in Sources */,
				4FD9280E29DC8364007EA8FE /* MovieRepositoryImpl.swift in Sources */,
				4F21928029D3287E001AEB5F /* AuthResponse.swift in Sources */,
				4F63C86629D7E63800B06D35 /* RegistrationViewModel.swift in Sources */,
				4F63C82229D4218300B06D35 /* LoginUseCase.swift in Sources */,
			);
			runOnlyForDeploymentPostprocessing = 0;
		};
/* End PBXSourcesBuildPhase section */

/* Begin PBXVariantGroup section */
		4FAEC24729D9D939004D04D5 /* Localizable.strings */ = {
			isa = PBXVariantGroup;
			children = (
				4FAEC24629D9D939004D04D5 /* en */,
				4FAEC24829D9D96A004D04D5 /* ru */,
			);
			name = Localizable.strings;
			sourceTree = "<group>";
		};
/* End PBXVariantGroup section */

/* Begin XCBuildConfiguration section */
		4FB1FF2829C9716200BD7141 /* Debug */ = {
			isa = XCBuildConfiguration;
			buildSettings = {
				ALWAYS_EMBED_SWIFT_STANDARD_LIBRARIES = YES;
				ALWAYS_SEARCH_USER_PATHS = NO;
				CLANG_ANALYZER_LOCALIZABILITY_NONLOCALIZED = YES;
				CLANG_ANALYZER_NONNULL = YES;
				CLANG_ANALYZER_NUMBER_OBJECT_CONVERSION = YES_AGGRESSIVE;
				CLANG_CXX_LANGUAGE_STANDARD = "gnu++20";
				CLANG_ENABLE_MODULES = YES;
				CLANG_ENABLE_OBJC_ARC = YES;
				CLANG_ENABLE_OBJC_WEAK = YES;
				CLANG_WARN_BLOCK_CAPTURE_AUTORELEASING = YES;
				CLANG_WARN_BOOL_CONVERSION = YES;
				CLANG_WARN_COMMA = YES;
				CLANG_WARN_CONSTANT_CONVERSION = YES;
				CLANG_WARN_DEPRECATED_OBJC_IMPLEMENTATIONS = YES;
				CLANG_WARN_DIRECT_OBJC_ISA_USAGE = YES_ERROR;
				CLANG_WARN_DOCUMENTATION_COMMENTS = YES;
				CLANG_WARN_EMPTY_BODY = YES;
				CLANG_WARN_ENUM_CONVERSION = YES;
				CLANG_WARN_INFINITE_RECURSION = YES;
				CLANG_WARN_INT_CONVERSION = YES;
				CLANG_WARN_NON_LITERAL_NULL_CONVERSION = YES;
				CLANG_WARN_OBJC_IMPLICIT_RETAIN_SELF = YES;
				CLANG_WARN_OBJC_LITERAL_CONVERSION = YES;
				CLANG_WARN_OBJC_ROOT_CLASS = YES_ERROR;
				CLANG_WARN_QUOTED_INCLUDE_IN_FRAMEWORK_HEADER = YES;
				CLANG_WARN_RANGE_LOOP_ANALYSIS = YES;
				CLANG_WARN_STRICT_PROTOTYPES = YES;
				CLANG_WARN_SUSPICIOUS_MOVE = YES;
				CLANG_WARN_UNGUARDED_AVAILABILITY = YES_AGGRESSIVE;
				CLANG_WARN_UNREACHABLE_CODE = YES;
				CLANG_WARN__DUPLICATE_METHOD_MATCH = YES;
				COPY_PHASE_STRIP = NO;
				DEBUG_INFORMATION_FORMAT = dwarf;
				ENABLE_STRICT_OBJC_MSGSEND = YES;
				ENABLE_TESTABILITY = YES;
				EXCLUDED_ARCHS = arm64;
				GCC_C_LANGUAGE_STANDARD = gnu11;
				GCC_DYNAMIC_NO_PIC = NO;
				GCC_NO_COMMON_BLOCKS = YES;
				GCC_OPTIMIZATION_LEVEL = 0;
				GCC_PREPROCESSOR_DEFINITIONS = (
					"DEBUG=1",
					"$(inherited)",
				);
				GCC_WARN_64_TO_32_BIT_CONVERSION = YES;
				GCC_WARN_ABOUT_RETURN_TYPE = YES_ERROR;
				GCC_WARN_UNDECLARED_SELECTOR = YES;
				GCC_WARN_UNINITIALIZED_AUTOS = YES_AGGRESSIVE;
				GCC_WARN_UNUSED_FUNCTION = YES;
				GCC_WARN_UNUSED_VARIABLE = YES;
				IPHONEOS_DEPLOYMENT_TARGET = 16.2;
				MTL_ENABLE_DEBUG_INFO = INCLUDE_SOURCE;
				MTL_FAST_MATH = YES;
				ONLY_ACTIVE_ARCH = YES;
				SDKROOT = iphoneos;
				SWIFT_ACTIVE_COMPILATION_CONDITIONS = DEBUG;
				SWIFT_OPTIMIZATION_LEVEL = "-Onone";
				VALIDATE_PRODUCT = NO;
			};
			name = Debug;
		};
		4FB1FF2929C9716200BD7141 /* Release */ = {
			isa = XCBuildConfiguration;
			buildSettings = {
				ALWAYS_EMBED_SWIFT_STANDARD_LIBRARIES = YES;
				ALWAYS_SEARCH_USER_PATHS = NO;
				CLANG_ANALYZER_LOCALIZABILITY_NONLOCALIZED = YES;
				CLANG_ANALYZER_NONNULL = YES;
				CLANG_ANALYZER_NUMBER_OBJECT_CONVERSION = YES_AGGRESSIVE;
				CLANG_CXX_LANGUAGE_STANDARD = "gnu++20";
				CLANG_ENABLE_MODULES = YES;
				CLANG_ENABLE_OBJC_ARC = YES;
				CLANG_ENABLE_OBJC_WEAK = YES;
				CLANG_WARN_BLOCK_CAPTURE_AUTORELEASING = YES;
				CLANG_WARN_BOOL_CONVERSION = YES;
				CLANG_WARN_COMMA = YES;
				CLANG_WARN_CONSTANT_CONVERSION = YES;
				CLANG_WARN_DEPRECATED_OBJC_IMPLEMENTATIONS = YES;
				CLANG_WARN_DIRECT_OBJC_ISA_USAGE = YES_ERROR;
				CLANG_WARN_DOCUMENTATION_COMMENTS = YES;
				CLANG_WARN_EMPTY_BODY = YES;
				CLANG_WARN_ENUM_CONVERSION = YES;
				CLANG_WARN_INFINITE_RECURSION = YES;
				CLANG_WARN_INT_CONVERSION = YES;
				CLANG_WARN_NON_LITERAL_NULL_CONVERSION = YES;
				CLANG_WARN_OBJC_IMPLICIT_RETAIN_SELF = YES;
				CLANG_WARN_OBJC_LITERAL_CONVERSION = YES;
				CLANG_WARN_OBJC_ROOT_CLASS = YES_ERROR;
				CLANG_WARN_QUOTED_INCLUDE_IN_FRAMEWORK_HEADER = YES;
				CLANG_WARN_RANGE_LOOP_ANALYSIS = YES;
				CLANG_WARN_STRICT_PROTOTYPES = YES;
				CLANG_WARN_SUSPICIOUS_MOVE = YES;
				CLANG_WARN_UNGUARDED_AVAILABILITY = YES_AGGRESSIVE;
				CLANG_WARN_UNREACHABLE_CODE = YES;
				CLANG_WARN__DUPLICATE_METHOD_MATCH = YES;
				COPY_PHASE_STRIP = NO;
				DEBUG_INFORMATION_FORMAT = "dwarf-with-dsym";
				ENABLE_NS_ASSERTIONS = NO;
				ENABLE_STRICT_OBJC_MSGSEND = YES;
				EXCLUDED_ARCHS = arm64;
				GCC_C_LANGUAGE_STANDARD = gnu11;
				GCC_NO_COMMON_BLOCKS = YES;
				GCC_WARN_64_TO_32_BIT_CONVERSION = YES;
				GCC_WARN_ABOUT_RETURN_TYPE = YES_ERROR;
				GCC_WARN_UNDECLARED_SELECTOR = YES;
				GCC_WARN_UNINITIALIZED_AUTOS = YES_AGGRESSIVE;
				GCC_WARN_UNUSED_FUNCTION = YES;
				GCC_WARN_UNUSED_VARIABLE = YES;
				IPHONEOS_DEPLOYMENT_TARGET = 16.2;
				MTL_ENABLE_DEBUG_INFO = NO;
				MTL_FAST_MATH = YES;
				SDKROOT = iphoneos;
				SWIFT_COMPILATION_MODE = wholemodule;
				SWIFT_OPTIMIZATION_LEVEL = "-O";
				VALIDATE_PRODUCT = YES;
			};
			name = Release;
		};
		4FB1FF2B29C9716200BD7141 /* Debug */ = {
			isa = XCBuildConfiguration;
			baseConfigurationReference = DED5753D413B7C64696F11A8 /* Pods-WorldCinema-ios.debug.xcconfig */;
			buildSettings = {
				ASSETCATALOG_COMPILER_APPICON_NAME = AppIcon;
				ASSETCATALOG_COMPILER_GLOBAL_ACCENT_COLOR_NAME = AccentColor;
				CODE_SIGN_STYLE = Automatic;
				CURRENT_PROJECT_VERSION = 1;
				DEVELOPMENT_TEAM = 2NL7VK2NYX;
				EXCLUDED_ARCHS = "";
				GENERATE_INFOPLIST_FILE = YES;
				INFOPLIST_FILE = "WorldCinema-ios/Info.plist";
				INFOPLIST_KEY_CFBundleDisplayName = "World Cinema";
				INFOPLIST_KEY_LSApplicationCategoryType = "";
				INFOPLIST_KEY_UIApplicationSupportsIndirectInputEvents = YES;
				INFOPLIST_KEY_UILaunchStoryboardName = "Launch Screen.storyboard";
				INFOPLIST_KEY_UIMainStoryboardFile = "";
				INFOPLIST_KEY_UIStatusBarStyle = UIStatusBarStyleLightContent;
				INFOPLIST_KEY_UISupportedInterfaceOrientations = UIInterfaceOrientationPortrait;
				IPHONEOS_DEPLOYMENT_TARGET = 13.0;
				LD_RUNPATH_SEARCH_PATHS = (
					"$(inherited)",
					"@executable_path/Frameworks",
				);
				MARKETING_VERSION = 1.0;
				ONLY_ACTIVE_ARCH = YES;
				PRODUCT_BUNDLE_IDENTIFIER = "jonertyS.WorldCinema-ios";
				PRODUCT_NAME = "$(TARGET_NAME)";
				SUPPORTED_PLATFORMS = "iphoneos iphonesimulator";
				SUPPORTS_MACCATALYST = NO;
				SUPPORTS_MAC_DESIGNED_FOR_IPHONE_IPAD = YES;
				SWIFT_EMIT_LOC_STRINGS = YES;
				SWIFT_VERSION = 5.0;
				TARGETED_DEVICE_FAMILY = 1;
			};
			name = Debug;
		};
		4FB1FF2C29C9716200BD7141 /* Release */ = {
			isa = XCBuildConfiguration;
			baseConfigurationReference = EB513AC45784A428333AB56E /* Pods-WorldCinema-ios.release.xcconfig */;
			buildSettings = {
				ASSETCATALOG_COMPILER_APPICON_NAME = AppIcon;
				ASSETCATALOG_COMPILER_GLOBAL_ACCENT_COLOR_NAME = AccentColor;
				CODE_SIGN_STYLE = Automatic;
				CURRENT_PROJECT_VERSION = 1;
				DEVELOPMENT_TEAM = 2NL7VK2NYX;
				EXCLUDED_ARCHS = "";
				GENERATE_INFOPLIST_FILE = YES;
				INFOPLIST_FILE = "WorldCinema-ios/Info.plist";
				INFOPLIST_KEY_CFBundleDisplayName = "World Cinema";
				INFOPLIST_KEY_LSApplicationCategoryType = "";
				INFOPLIST_KEY_UIApplicationSupportsIndirectInputEvents = YES;
				INFOPLIST_KEY_UILaunchStoryboardName = "Launch Screen.storyboard";
				INFOPLIST_KEY_UIMainStoryboardFile = "";
				INFOPLIST_KEY_UIStatusBarStyle = UIStatusBarStyleLightContent;
				INFOPLIST_KEY_UISupportedInterfaceOrientations = UIInterfaceOrientationPortrait;
				IPHONEOS_DEPLOYMENT_TARGET = 13.0;
				LD_RUNPATH_SEARCH_PATHS = (
					"$(inherited)",
					"@executable_path/Frameworks",
				);
				MARKETING_VERSION = 1.0;
				ONLY_ACTIVE_ARCH = YES;
				PRODUCT_BUNDLE_IDENTIFIER = "jonertyS.WorldCinema-ios";
				PRODUCT_NAME = "$(TARGET_NAME)";
				SUPPORTED_PLATFORMS = "iphoneos iphonesimulator";
				SUPPORTS_MACCATALYST = NO;
				SUPPORTS_MAC_DESIGNED_FOR_IPHONE_IPAD = YES;
				SWIFT_EMIT_LOC_STRINGS = YES;
				SWIFT_VERSION = 5.0;
				TARGETED_DEVICE_FAMILY = 1;
			};
			name = Release;
		};
/* End XCBuildConfiguration section */

/* Begin XCConfigurationList section */
		4FB1FF1129C9716100BD7141 /* Build configuration list for PBXProject "WorldCinema-ios" */ = {
			isa = XCConfigurationList;
			buildConfigurations = (
				4FB1FF2829C9716200BD7141 /* Debug */,
				4FB1FF2929C9716200BD7141 /* Release */,
			);
			defaultConfigurationIsVisible = 0;
			defaultConfigurationName = Release;
		};
		4FB1FF2A29C9716200BD7141 /* Build configuration list for PBXNativeTarget "WorldCinema-ios" */ = {
			isa = XCConfigurationList;
			buildConfigurations = (
				4FB1FF2B29C9716200BD7141 /* Debug */,
				4FB1FF2C29C9716200BD7141 /* Release */,
			);
			defaultConfigurationIsVisible = 0;
			defaultConfigurationName = Release;
		};
/* End XCConfigurationList section */

/* Begin XCRemoteSwiftPackageReference section */
		4F38328C29C976B3000A660D /* XCRemoteSwiftPackageReference "Alamofire" */ = {
			isa = XCRemoteSwiftPackageReference;
			repositoryURL = "https://github.com/Alamofire/Alamofire.git";
			requirement = {
				kind = upToNextMajorVersion;
				minimumVersion = 5.6.4;
			};
		};
		4F38329529C9B6B7000A660D /* XCRemoteSwiftPackageReference "needle" */ = {
			isa = XCRemoteSwiftPackageReference;
			repositoryURL = "https://github.com/uber/needle.git";
			requirement = {
				kind = upToNextMajorVersion;
				minimumVersion = 0.22.0;
			};
		};
		4F63C85A29D57FD600B06D35 /* XCRemoteSwiftPackageReference "IQKeyboardManager" */ = {
			isa = XCRemoteSwiftPackageReference;
			repositoryURL = "https://github.com/hackiftekhar/IQKeyboardManager.git";
			requirement = {
				branch = master;
				kind = branch;
			};
		};
		4F63C86D29D80F3D00B06D35 /* XCRemoteSwiftPackageReference "KeychainAccess" */ = {
			isa = XCRemoteSwiftPackageReference;
			repositoryURL = "https://github.com/kishikawakatsumi/KeychainAccess";
			requirement = {
				branch = master;
				kind = branch;
			};
		};
		4F63C89029D9653E00B06D35 /* XCRemoteSwiftPackageReference "SwiftyUserDefaults" */ = {
			isa = XCRemoteSwiftPackageReference;
			repositoryURL = "https://github.com/sunshinejr/SwiftyUserDefaults.git";
			requirement = {
				branch = master;
				kind = branch;
			};
		};
		4F63C89F29D96FD600B06D35 /* XCRemoteSwiftPackageReference "SPAlert" */ = {
			isa = XCRemoteSwiftPackageReference;
			repositoryURL = "https://github.com/ivanvorobei/SPAlert";
			requirement = {
				branch = main;
				kind = branch;
			};
		};
		4FF0B2F729CC240B00A82AFA /* XCRemoteSwiftPackageReference "SnapKit" */ = {
			isa = XCRemoteSwiftPackageReference;
			repositoryURL = "https://github.com/SnapKit/SnapKit.git";
			requirement = {
				kind = upToNextMajorVersion;
				minimumVersion = 5.6.0;
			};
		};
/* End XCRemoteSwiftPackageReference section */

/* Begin XCSwiftPackageProductDependency section */
		4F38328D29C976B3000A660D /* Alamofire */ = {
			isa = XCSwiftPackageProductDependency;
			package = 4F38328C29C976B3000A660D /* XCRemoteSwiftPackageReference "Alamofire" */;
			productName = Alamofire;
		};
		4F38329629C9B6B7000A660D /* NeedleFoundation */ = {
			isa = XCSwiftPackageProductDependency;
			package = 4F38329529C9B6B7000A660D /* XCRemoteSwiftPackageReference "needle" */;
			productName = NeedleFoundation;
		};
		4F63C85B29D57FD600B06D35 /* IQKeyboardManagerSwift */ = {
			isa = XCSwiftPackageProductDependency;
			package = 4F63C85A29D57FD600B06D35 /* XCRemoteSwiftPackageReference "IQKeyboardManager" */;
			productName = IQKeyboardManagerSwift;
		};
		4F63C86E29D80F3D00B06D35 /* KeychainAccess */ = {
			isa = XCSwiftPackageProductDependency;
			package = 4F63C86D29D80F3D00B06D35 /* XCRemoteSwiftPackageReference "KeychainAccess" */;
			productName = KeychainAccess;
		};
		4F63C89129D9653E00B06D35 /* SwiftyUserDefaults */ = {
			isa = XCSwiftPackageProductDependency;
			package = 4F63C89029D9653E00B06D35 /* XCRemoteSwiftPackageReference "SwiftyUserDefaults" */;
			productName = SwiftyUserDefaults;
		};
		4F63C8A029D96FD600B06D35 /* SPAlert */ = {
			isa = XCSwiftPackageProductDependency;
			package = 4F63C89F29D96FD600B06D35 /* XCRemoteSwiftPackageReference "SPAlert" */;
			productName = SPAlert;
		};
		4FF0B2F829CC240B00A82AFA /* SnapKit */ = {
			isa = XCSwiftPackageProductDependency;
			package = 4FF0B2F729CC240B00A82AFA /* XCRemoteSwiftPackageReference "SnapKit" */;
			productName = SnapKit;
		};
/* End XCSwiftPackageProductDependency section */
	};
	rootObject = 4FB1FF0E29C9716100BD7141 /* Project object */;
}
